// !$*UTF8*$!
{
	archiveVersion = 1;
	classes = {
	};
	objectVersion = 46;
	objects = {

/* Begin PBXBuildFile section */
		B957F483C3F7496A817407C7 /* libPods.a in Frameworks */ = {isa = PBXBuildFile; fileRef = 2928991B84A74F92B5F535CD /* libPods.a */; };
		E732E5541896721A00409B4E /* QuartzCore.framework in Frameworks */ = {isa = PBXBuildFile; fileRef = E732E5531896721A00409B4E /* QuartzCore.framework */; };
		E732E58118969BB400409B4E /* BaseTableViewCell.m in Sources */ = {isa = PBXBuildFile; fileRef = E732E57C18969BB400409B4E /* BaseTableViewCell.m */; };
		E732E58218969BB400409B4E /* BaseTableViewCell.xib in Resources */ = {isa = PBXBuildFile; fileRef = E732E57D18969BB400409B4E /* BaseTableViewCell.xib */; };
		E732E58318969BB400409B4E /* BaseViewController.m in Sources */ = {isa = PBXBuildFile; fileRef = E732E57F18969BB400409B4E /* BaseViewController.m */; };
		E732E58418969BB400409B4E /* BaseViewController.xib in Resources */ = {isa = PBXBuildFile; fileRef = E732E58018969BB400409B4E /* BaseViewController.xib */; };
		E732E58818969BD300409B4E /* HomeViewController.m in Sources */ = {isa = PBXBuildFile; fileRef = E732E58718969BD300409B4E /* HomeViewController.m */; };
		E74A7F1F18949F3E00E5BEEB /* LeftMenuTableViewCell.m in Sources */ = {isa = PBXBuildFile; fileRef = E74A7F1A18949F3E00E5BEEB /* LeftMenuTableViewCell.m */; };
		E74A7F2018949F3E00E5BEEB /* LeftMenuTableViewCell.xib in Resources */ = {isa = PBXBuildFile; fileRef = E74A7F1B18949F3E00E5BEEB /* LeftMenuTableViewCell.xib */; };
		E74A7F2118949F3E00E5BEEB /* LeftMenuViewController.m in Sources */ = {isa = PBXBuildFile; fileRef = E74A7F1D18949F3E00E5BEEB /* LeftMenuViewController.m */; };
		E74A7F2218949F3E00E5BEEB /* LeftMenuViewController.xib in Resources */ = {isa = PBXBuildFile; fileRef = E74A7F1E18949F3E00E5BEEB /* LeftMenuViewController.xib */; };
		E74A7F931894F7E700E5BEEB /* APIEngine.m in Sources */ = {isa = PBXBuildFile; fileRef = E74A7F921894F7E700E5BEEB /* APIEngine.m */; };
		E74A7FAB1894FE0000E5BEEB /* CustomFontUILabel.m in Sources */ = {isa = PBXBuildFile; fileRef = E74A7FA81894FE0000E5BEEB /* CustomFontUILabel.m */; };
		E74A7FAC1894FE0000E5BEEB /* UIViewController+Font.m in Sources */ = {isa = PBXBuildFile; fileRef = E74A7FAA1894FE0000E5BEEB /* UIViewController+Font.m */; };
		E74A7FDC1894FE1400E5BEEB /* SystemServices.m in Sources */ = {isa = PBXBuildFile; fileRef = E74A7FB11894FE1400E5BEEB /* SystemServices.m */; };
		E74A7FDD1894FE1400E5BEEB /* NSObject+PerformBlockAfterDelay.m in Sources */ = {isa = PBXBuildFile; fileRef = E74A7FB41894FE1400E5BEEB /* NSObject+PerformBlockAfterDelay.m */; };
		E74A7FDE1894FE1400E5BEEB /* SSAccelerometerInfo.m in Sources */ = {isa = PBXBuildFile; fileRef = E74A7FB61894FE1400E5BEEB /* SSAccelerometerInfo.m */; };
		E74A7FDF1894FE1400E5BEEB /* SSAccessoryInfo.m in Sources */ = {isa = PBXBuildFile; fileRef = E74A7FB81894FE1400E5BEEB /* SSAccessoryInfo.m */; };
		E74A7FE01894FE1400E5BEEB /* SSApplicationInfo.m in Sources */ = {isa = PBXBuildFile; fileRef = E74A7FBA1894FE1400E5BEEB /* SSApplicationInfo.m */; };
		E74A7FE11894FE1400E5BEEB /* SSBatteryInfo.m in Sources */ = {isa = PBXBuildFile; fileRef = E74A7FBC1894FE1400E5BEEB /* SSBatteryInfo.m */; };
		E74A7FE21894FE1400E5BEEB /* SSCarrierInfo.m in Sources */ = {isa = PBXBuildFile; fileRef = E74A7FBE1894FE1400E5BEEB /* SSCarrierInfo.m */; };
		E74A7FE31894FE1400E5BEEB /* SSDiskInfo.m in Sources */ = {isa = PBXBuildFile; fileRef = E74A7FC01894FE1400E5BEEB /* SSDiskInfo.m */; };
		E74A7FE41894FE1400E5BEEB /* SSHardwareInfo.m in Sources */ = {isa = PBXBuildFile; fileRef = E74A7FC21894FE1400E5BEEB /* SSHardwareInfo.m */; };
		E74A7FE51894FE1400E5BEEB /* SSJailbreakCheck.m in Sources */ = {isa = PBXBuildFile; fileRef = E74A7FC41894FE1400E5BEEB /* SSJailbreakCheck.m */; };
		E74A7FE61894FE1400E5BEEB /* SSLocalizationInfo.m in Sources */ = {isa = PBXBuildFile; fileRef = E74A7FC61894FE1400E5BEEB /* SSLocalizationInfo.m */; };
		E74A7FE71894FE1400E5BEEB /* SSMemoryInfo.m in Sources */ = {isa = PBXBuildFile; fileRef = E74A7FC81894FE1400E5BEEB /* SSMemoryInfo.m */; };
		E74A7FE81894FE1400E5BEEB /* SSNetworkInfo.m in Sources */ = {isa = PBXBuildFile; fileRef = E74A7FCA1894FE1400E5BEEB /* SSNetworkInfo.m */; };
		E74A7FE91894FE1400E5BEEB /* SSProcessInfo.m in Sources */ = {isa = PBXBuildFile; fileRef = E74A7FCC1894FE1400E5BEEB /* SSProcessInfo.m */; };
		E74A7FEA1894FE1400E5BEEB /* SSProcessorInfo.m in Sources */ = {isa = PBXBuildFile; fileRef = E74A7FCE1894FE1400E5BEEB /* SSProcessorInfo.m */; };
		E74A7FEB1894FE1400E5BEEB /* SSUUID.m in Sources */ = {isa = PBXBuildFile; fileRef = E74A7FD01894FE1400E5BEEB /* SSUUID.m */; };
		E74A7FEC1894FE1400E5BEEB /* Appota_OpenUDID.m in Sources */ = {isa = PBXBuildFile; fileRef = E74A7FD41894FE1400E5BEEB /* Appota_OpenUDID.m */; settings = {COMPILER_FLAGS = "-fno-objc-arc"; }; };
		E74A7FED1894FE1400E5BEEB /* NSString+MD5Addition.m in Sources */ = {isa = PBXBuildFile; fileRef = E74A7FD61894FE1400E5BEEB /* NSString+MD5Addition.m */; };
		E74A7FEE1894FE1400E5BEEB /* UIDevice+IdentifierAddition.m in Sources */ = {isa = PBXBuildFile; fileRef = E74A7FD81894FE1400E5BEEB /* UIDevice+IdentifierAddition.m */; };
		E74A7FEF1894FE1400E5BEEB /* UIDevice-Hardware.m in Sources */ = {isa = PBXBuildFile; fileRef = E74A7FDA1894FE1400E5BEEB /* UIDevice-Hardware.m */; };
		E74E865F1896AEC800BF4E6A /* SubcategoryViewController.m in Sources */ = {isa = PBXBuildFile; fileRef = E74E865E1896AEC700BF4E6A /* SubcategoryViewController.m */; };
		E74E86621896B2C300BF4E6A /* SubcategoryViewCell.m in Sources */ = {isa = PBXBuildFile; fileRef = E74E86611896B2C300BF4E6A /* SubcategoryViewCell.m */; };
		E74E86641896B2DE00BF4E6A /* SubcategoryViewCell.xib in Resources */ = {isa = PBXBuildFile; fileRef = E74E86631896B2DE00BF4E6A /* SubcategoryViewCell.xib */; };
		E74E86671896C96D00BF4E6A /* SMSViewController.m in Sources */ = {isa = PBXBuildFile; fileRef = E74E86661896C96D00BF4E6A /* SMSViewController.m */; };
		E74E86691896CA3900BF4E6A /* SMSViewController.xib in Resources */ = {isa = PBXBuildFile; fileRef = E74E86681896CA3900BF4E6A /* SMSViewController.xib */; };
		E75E02D51898B10C00961FF3 /* MessageUI.framework in Frameworks */ = {isa = PBXBuildFile; fileRef = E75E02D41898B10C00961FF3 /* MessageUI.framework */; };
		E75E02D81898C6A200961FF3 /* TextViewController.m in Sources */ = {isa = PBXBuildFile; fileRef = E75E02D71898C6A200961FF3 /* TextViewController.m */; };
		E75E02DA1898C6B300961FF3 /* TextViewController.xib in Resources */ = {isa = PBXBuildFile; fileRef = E75E02D91898C6B300961FF3 /* TextViewController.xib */; };
		E75E02DC1898F32900961FF3 /* libsqlite3.dylib in Frameworks */ = {isa = PBXBuildFile; fileRef = E75E02DB1898F32900961FF3 /* libsqlite3.dylib */; };
		E75E02E01898F66200961FF3 /* DBEngine.m in Sources */ = {isa = PBXBuildFile; fileRef = E75E02DF1898F66200961FF3 /* DBEngine.m */; };
		E75E03321899279400961FF3 /* FavViewController.m in Sources */ = {isa = PBXBuildFile; fileRef = E75E03311899279400961FF3 /* FavViewController.m */; };
		E75E0335189939A000961FF3 /* RecentUsedViewController.m in Sources */ = {isa = PBXBuildFile; fileRef = E75E0334189939A000961FF3 /* RecentUsedViewController.m */; };
		E75E035F18997CDA00961FF3 /* close-btn.png in Resources */ = {isa = PBXBuildFile; fileRef = E75E033718997CD900961FF3 /* close-btn.png */; };
		E75E036018997CDA00961FF3 /* close-btn@2x.png in Resources */ = {isa = PBXBuildFile; fileRef = E75E033818997CD900961FF3 /* close-btn@2x.png */; };
		E75E036118997CDA00961FF3 /* dislike-btn.png in Resources */ = {isa = PBXBuildFile; fileRef = E75E033918997CD900961FF3 /* dislike-btn.png */; };
		E75E036218997CDA00961FF3 /* dislike-btn@2x.png in Resources */ = {isa = PBXBuildFile; fileRef = E75E033A18997CD900961FF3 /* dislike-btn@2x.png */; };
		E75E036318997CDA00961FF3 /* fav-menu.png in Resources */ = {isa = PBXBuildFile; fileRef = E75E033B18997CD900961FF3 /* fav-menu.png */; };
		E75E036418997CDA00961FF3 /* fav-menu@2x.png in Resources */ = {isa = PBXBuildFile; fileRef = E75E033C18997CD900961FF3 /* fav-menu@2x.png */; };
		E75E036518997CDA00961FF3 /* header-logo.png in Resources */ = {isa = PBXBuildFile; fileRef = E75E033D18997CD900961FF3 /* header-logo.png */; };
		E75E036618997CDA00961FF3 /* header-logo@2x.png in Resources */ = {isa = PBXBuildFile; fileRef = E75E033E18997CD900961FF3 /* header-logo@2x.png */; };
		E75E036718997CDA00961FF3 /* home-menu.png in Resources */ = {isa = PBXBuildFile; fileRef = E75E033F18997CD900961FF3 /* home-menu.png */; };
		E75E036818997CDA00961FF3 /* home-menu@2x.png in Resources */ = {isa = PBXBuildFile; fileRef = E75E034018997CD900961FF3 /* home-menu@2x.png */; };
		E75E036918997CDA00961FF3 /* like-btn-selected.png in Resources */ = {isa = PBXBuildFile; fileRef = E75E034118997CD900961FF3 /* like-btn-selected.png */; };
		E75E036A18997CDA00961FF3 /* like-btn-selected@2x.png in Resources */ = {isa = PBXBuildFile; fileRef = E75E034218997CD900961FF3 /* like-btn-selected@2x.png */; };
		E75E036B18997CDA00961FF3 /* like-btn.png in Resources */ = {isa = PBXBuildFile; fileRef = E75E034318997CD900961FF3 /* like-btn.png */; };
		E75E036C18997CDA00961FF3 /* like-btn@2x.png in Resources */ = {isa = PBXBuildFile; fileRef = E75E034418997CD900961FF3 /* like-btn@2x.png */; };
		E75E036D18997CDA00961FF3 /* menu-back.png in Resources */ = {isa = PBXBuildFile; fileRef = E75E034518997CD900961FF3 /* menu-back.png */; };
		E75E036E18997CDA00961FF3 /* menu-back@2x.png in Resources */ = {isa = PBXBuildFile; fileRef = E75E034618997CD900961FF3 /* menu-back@2x.png */; };
		E75E036F18997CDA00961FF3 /* menu-open.png in Resources */ = {isa = PBXBuildFile; fileRef = E75E034718997CD900961FF3 /* menu-open.png */; };
		E75E037018997CDA00961FF3 /* menu-open@2x.png in Resources */ = {isa = PBXBuildFile; fileRef = E75E034818997CD900961FF3 /* menu-open@2x.png */; };
		E75E037118997CDA00961FF3 /* offline-hovercard.png in Resources */ = {isa = PBXBuildFile; fileRef = E75E034918997CD900961FF3 /* offline-hovercard.png */; };
		E75E037218997CDA00961FF3 /* offline-hovercard@2x.png in Resources */ = {isa = PBXBuildFile; fileRef = E75E034A18997CD900961FF3 /* offline-hovercard@2x.png */; };
		E75E037318997CDA00961FF3 /* offline-toolbar.png in Resources */ = {isa = PBXBuildFile; fileRef = E75E034B18997CD900961FF3 /* offline-toolbar.png */; };
		E75E037418997CDA00961FF3 /* offline-toolbar@2x.png in Resources */ = {isa = PBXBuildFile; fileRef = E75E034C18997CD900961FF3 /* offline-toolbar@2x.png */; };
		E75E037518997CDA00961FF3 /* offline-touch-hovercard.png in Resources */ = {isa = PBXBuildFile; fileRef = E75E034D18997CD900961FF3 /* offline-touch-hovercard.png */; };
		E75E037618997CDA00961FF3 /* offline-touch-hovercard@2x.png in Resources */ = {isa = PBXBuildFile; fileRef = E75E034E18997CD900961FF3 /* offline-touch-hovercard@2x.png */; };
		E75E037718997CDA00961FF3 /* offlineon-toolbar.png in Resources */ = {isa = PBXBuildFile; fileRef = E75E034F18997CD900961FF3 /* offlineon-toolbar.png */; };
		E75E037818997CDA00961FF3 /* offlineon-toolbar@2x.png in Resources */ = {isa = PBXBuildFile; fileRef = E75E035018997CD900961FF3 /* offlineon-toolbar@2x.png */; };
		E75E037918997CDA00961FF3 /* recently-menu.png in Resources */ = {isa = PBXBuildFile; fileRef = E75E035118997CD900961FF3 /* recently-menu.png */; };
		E75E037A18997CDA00961FF3 /* recently-menu@2x.png in Resources */ = {isa = PBXBuildFile; fileRef = E75E035218997CD900961FF3 /* recently-menu@2x.png */; };
		E75E037B18997CDA00961FF3 /* search-btn.png in Resources */ = {isa = PBXBuildFile; fileRef = E75E035318997CDA00961FF3 /* search-btn.png */; };
		E75E037C18997CDA00961FF3 /* search-btn@2x.png in Resources */ = {isa = PBXBuildFile; fileRef = E75E035418997CDA00961FF3 /* search-btn@2x.png */; };
		E75E037D18997CDA00961FF3 /* share-btn.png in Resources */ = {isa = PBXBuildFile; fileRef = E75E035518997CDA00961FF3 /* share-btn.png */; };
		E75E037E18997CDA00961FF3 /* share-btn@2x.png in Resources */ = {isa = PBXBuildFile; fileRef = E75E035618997CDA00961FF3 /* share-btn@2x.png */; };
		E75E037F18997CDA00961FF3 /* spinner.png in Resources */ = {isa = PBXBuildFile; fileRef = E75E035718997CDA00961FF3 /* spinner.png */; };
		E75E038018997CDA00961FF3 /* spinner@2x.png in Resources */ = {isa = PBXBuildFile; fileRef = E75E035818997CDA00961FF3 /* spinner@2x.png */; };
		E75E038118997CDA00961FF3 /* white-fav-menu.png in Resources */ = {isa = PBXBuildFile; fileRef = E75E035918997CDA00961FF3 /* white-fav-menu.png */; };
		E75E038218997CDA00961FF3 /* white-fav-menu@2x.png in Resources */ = {isa = PBXBuildFile; fileRef = E75E035A18997CDA00961FF3 /* white-fav-menu@2x.png */; };
		E75E038318997CDA00961FF3 /* white-home-menu.png in Resources */ = {isa = PBXBuildFile; fileRef = E75E035B18997CDA00961FF3 /* white-home-menu.png */; };
		E75E038418997CDA00961FF3 /* white-home-menu@2x.png in Resources */ = {isa = PBXBuildFile; fileRef = E75E035C18997CDA00961FF3 /* white-home-menu@2x.png */; };
		E75E038518997CDA00961FF3 /* white-recently-menu.png in Resources */ = {isa = PBXBuildFile; fileRef = E75E035D18997CDA00961FF3 /* white-recently-menu.png */; };
		E75E038618997CDA00961FF3 /* white-recently-menu@2x.png in Resources */ = {isa = PBXBuildFile; fileRef = E75E035E18997CDA00961FF3 /* white-recently-menu@2x.png */; };
		E76650D31896213800F90814 /* NSString+sha1.m in Sources */ = {isa = PBXBuildFile; fileRef = E76650D21896213800F90814 /* NSString+sha1.m */; };
		E76650D61896366600F90814 /* APIEngine+SMS.m in Sources */ = {isa = PBXBuildFile; fileRef = E76650D51896366600F90814 /* APIEngine+SMS.m */; };
		E76650E418965C9D00F90814 /* CategoryViewController.m in Sources */ = {isa = PBXBuildFile; fileRef = E76650E118965C9D00F90814 /* CategoryViewController.m */; };
		E76650EC1896693600F90814 /* MainViewController.m in Sources */ = {isa = PBXBuildFile; fileRef = E76650EB1896693600F90814 /* MainViewController.m */; };
		E76FC15D189A2DEA00250C19 /* DBEngine+Encrypt.m in Sources */ = {isa = PBXBuildFile; fileRef = E76FC15C189A2DEA00250C19 /* DBEngine+Encrypt.m */; };
		E793176B18925E2B00E312FF /* Foundation.framework in Frameworks */ = {isa = PBXBuildFile; fileRef = E793176A18925E2B00E312FF /* Foundation.framework */; };
		E793176D18925E2B00E312FF /* CoreGraphics.framework in Frameworks */ = {isa = PBXBuildFile; fileRef = E793176C18925E2B00E312FF /* CoreGraphics.framework */; };
		E793176F18925E2B00E312FF /* UIKit.framework in Frameworks */ = {isa = PBXBuildFile; fileRef = E793176E18925E2B00E312FF /* UIKit.framework */; };
		E793177518925E2B00E312FF /* InfoPlist.strings in Resources */ = {isa = PBXBuildFile; fileRef = E793177318925E2B00E312FF /* InfoPlist.strings */; };
		E793177718925E2B00E312FF /* main.m in Sources */ = {isa = PBXBuildFile; fileRef = E793177618925E2B00E312FF /* main.m */; };
		E793177B18925E2B00E312FF /* AppDelegate.m in Sources */ = {isa = PBXBuildFile; fileRef = E793177A18925E2B00E312FF /* AppDelegate.m */; };
		E793177D18925E2C00E312FF /* Images.xcassets in Resources */ = {isa = PBXBuildFile; fileRef = E793177C18925E2C00E312FF /* Images.xcassets */; };
		E793178418925E2C00E312FF /* XCTest.framework in Frameworks */ = {isa = PBXBuildFile; fileRef = E793178318925E2C00E312FF /* XCTest.framework */; };
		E793178518925E2C00E312FF /* Foundation.framework in Frameworks */ = {isa = PBXBuildFile; fileRef = E793176A18925E2B00E312FF /* Foundation.framework */; };
		E793178618925E2C00E312FF /* UIKit.framework in Frameworks */ = {isa = PBXBuildFile; fileRef = E793176E18925E2B00E312FF /* UIKit.framework */; };
		E793178E18925E2C00E312FF /* InfoPlist.strings in Resources */ = {isa = PBXBuildFile; fileRef = E793178C18925E2C00E312FF /* InfoPlist.strings */; };
		E793179018925E2C00E312FF /* TinNhanYeuThuongTests.m in Sources */ = {isa = PBXBuildFile; fileRef = E793178F18925E2C00E312FF /* TinNhanYeuThuongTests.m */; };
		E7E49E4518949B20000884BE /* ProximaNova-Bold.ttf in Resources */ = {isa = PBXBuildFile; fileRef = E7E49E3A18949B20000884BE /* ProximaNova-Bold.ttf */; };
		E7E49E4618949B20000884BE /* ProximaNova-Regular.ttf in Resources */ = {isa = PBXBuildFile; fileRef = E7E49E3B18949B20000884BE /* ProximaNova-Regular.ttf */; };
/* End PBXBuildFile section */

/* Begin PBXContainerItemProxy section */
		E793178718925E2C00E312FF /* PBXContainerItemProxy */ = {
			isa = PBXContainerItemProxy;
			containerPortal = E793175F18925E2B00E312FF /* Project object */;
			proxyType = 1;
			remoteGlobalIDString = E793176618925E2B00E312FF;
			remoteInfo = TinNhanYeuThuong;
		};
/* End PBXContainerItemProxy section */

/* Begin PBXFileReference section */
		2928991B84A74F92B5F535CD /* libPods.a */ = {isa = PBXFileReference; explicitFileType = archive.ar; includeInIndex = 0; path = libPods.a; sourceTree = BUILT_PRODUCTS_DIR; };
		6E48955E1D634C1F90DE1A1F /* Pods.xcconfig */ = {isa = PBXFileReference; includeInIndex = 1; lastKnownFileType = text.xcconfig; name = Pods.xcconfig; path = Pods/Pods.xcconfig; sourceTree = "<group>"; };
		E732E5531896721A00409B4E /* QuartzCore.framework */ = {isa = PBXFileReference; lastKnownFileType = wrapper.framework; name = QuartzCore.framework; path = System/Library/Frameworks/QuartzCore.framework; sourceTree = SDKROOT; };
		E732E57B18969BB400409B4E /* BaseTableViewCell.h */ = {isa = PBXFileReference; fileEncoding = 4; lastKnownFileType = sourcecode.c.h; path = BaseTableViewCell.h; sourceTree = "<group>"; };
		E732E57C18969BB400409B4E /* BaseTableViewCell.m */ = {isa = PBXFileReference; fileEncoding = 4; lastKnownFileType = sourcecode.c.objc; path = BaseTableViewCell.m; sourceTree = "<group>"; };
		E732E57D18969BB400409B4E /* BaseTableViewCell.xib */ = {isa = PBXFileReference; fileEncoding = 4; lastKnownFileType = file.xib; path = BaseTableViewCell.xib; sourceTree = "<group>"; };
		E732E57E18969BB400409B4E /* BaseViewController.h */ = {isa = PBXFileReference; fileEncoding = 4; lastKnownFileType = sourcecode.c.h; path = BaseViewController.h; sourceTree = "<group>"; };
		E732E57F18969BB400409B4E /* BaseViewController.m */ = {isa = PBXFileReference; fileEncoding = 4; lastKnownFileType = sourcecode.c.objc; path = BaseViewController.m; sourceTree = "<group>"; };
		E732E58018969BB400409B4E /* BaseViewController.xib */ = {isa = PBXFileReference; fileEncoding = 4; lastKnownFileType = file.xib; path = BaseViewController.xib; sourceTree = "<group>"; };
		E732E58618969BD300409B4E /* HomeViewController.h */ = {isa = PBXFileReference; fileEncoding = 4; lastKnownFileType = sourcecode.c.h; path = HomeViewController.h; sourceTree = "<group>"; };
		E732E58718969BD300409B4E /* HomeViewController.m */ = {isa = PBXFileReference; fileEncoding = 4; lastKnownFileType = sourcecode.c.objc; path = HomeViewController.m; sourceTree = "<group>"; };
		E74A7F1918949F3E00E5BEEB /* LeftMenuTableViewCell.h */ = {isa = PBXFileReference; fileEncoding = 4; lastKnownFileType = sourcecode.c.h; name = LeftMenuTableViewCell.h; path = Classes/LeftMenu/LeftMenuTableViewCell.h; sourceTree = "<group>"; };
		E74A7F1A18949F3E00E5BEEB /* LeftMenuTableViewCell.m */ = {isa = PBXFileReference; fileEncoding = 4; lastKnownFileType = sourcecode.c.objc; name = LeftMenuTableViewCell.m; path = Classes/LeftMenu/LeftMenuTableViewCell.m; sourceTree = "<group>"; };
		E74A7F1B18949F3E00E5BEEB /* LeftMenuTableViewCell.xib */ = {isa = PBXFileReference; fileEncoding = 4; lastKnownFileType = file.xib; name = LeftMenuTableViewCell.xib; path = Classes/LeftMenu/LeftMenuTableViewCell.xib; sourceTree = "<group>"; };
		E74A7F1C18949F3E00E5BEEB /* LeftMenuViewController.h */ = {isa = PBXFileReference; fileEncoding = 4; lastKnownFileType = sourcecode.c.h; name = LeftMenuViewController.h; path = Classes/LeftMenu/LeftMenuViewController.h; sourceTree = "<group>"; };
		E74A7F1D18949F3E00E5BEEB /* LeftMenuViewController.m */ = {isa = PBXFileReference; fileEncoding = 4; lastKnownFileType = sourcecode.c.objc; name = LeftMenuViewController.m; path = Classes/LeftMenu/LeftMenuViewController.m; sourceTree = "<group>"; };
		E74A7F1E18949F3E00E5BEEB /* LeftMenuViewController.xib */ = {isa = PBXFileReference; fileEncoding = 4; lastKnownFileType = file.xib; name = LeftMenuViewController.xib; path = Classes/LeftMenu/LeftMenuViewController.xib; sourceTree = "<group>"; };
		E74A7F911894F7E700E5BEEB /* APIEngine.h */ = {isa = PBXFileReference; fileEncoding = 4; lastKnownFileType = sourcecode.c.h; path = APIEngine.h; sourceTree = "<group>"; };
		E74A7F921894F7E700E5BEEB /* APIEngine.m */ = {isa = PBXFileReference; fileEncoding = 4; lastKnownFileType = sourcecode.c.objc; path = APIEngine.m; sourceTree = "<group>"; };
		E74A7F941894FA5500E5BEEB /* AppConfig.h */ = {isa = PBXFileReference; fileEncoding = 4; lastKnownFileType = sourcecode.c.h; path = AppConfig.h; sourceTree = "<group>"; };
		E74A7FA71894FE0000E5BEEB /* CustomFontUILabel.h */ = {isa = PBXFileReference; fileEncoding = 4; lastKnownFileType = sourcecode.c.h; path = CustomFontUILabel.h; sourceTree = "<group>"; };
		E74A7FA81894FE0000E5BEEB /* CustomFontUILabel.m */ = {isa = PBXFileReference; fileEncoding = 4; lastKnownFileType = sourcecode.c.objc; path = CustomFontUILabel.m; sourceTree = "<group>"; };
		E74A7FA91894FE0000E5BEEB /* UIViewController+Font.h */ = {isa = PBXFileReference; fileEncoding = 4; lastKnownFileType = sourcecode.c.h; path = "UIViewController+Font.h"; sourceTree = "<group>"; };
		E74A7FAA1894FE0000E5BEEB /* UIViewController+Font.m */ = {isa = PBXFileReference; fileEncoding = 4; lastKnownFileType = sourcecode.c.objc; path = "UIViewController+Font.m"; sourceTree = "<group>"; };
		E74A7FB01894FE1400E5BEEB /* SystemServices.h */ = {isa = PBXFileReference; fileEncoding = 4; lastKnownFileType = sourcecode.c.h; path = SystemServices.h; sourceTree = "<group>"; };
		E74A7FB11894FE1400E5BEEB /* SystemServices.m */ = {isa = PBXFileReference; fileEncoding = 4; lastKnownFileType = sourcecode.c.objc; path = SystemServices.m; sourceTree = "<group>"; };
		E74A7FB31894FE1400E5BEEB /* NSObject+PerformBlockAfterDelay.h */ = {isa = PBXFileReference; fileEncoding = 4; lastKnownFileType = sourcecode.c.h; path = "NSObject+PerformBlockAfterDelay.h"; sourceTree = "<group>"; };
		E74A7FB41894FE1400E5BEEB /* NSObject+PerformBlockAfterDelay.m */ = {isa = PBXFileReference; fileEncoding = 4; lastKnownFileType = sourcecode.c.objc; path = "NSObject+PerformBlockAfterDelay.m"; sourceTree = "<group>"; };
		E74A7FB51894FE1400E5BEEB /* SSAccelerometerInfo.h */ = {isa = PBXFileReference; fileEncoding = 4; lastKnownFileType = sourcecode.c.h; path = SSAccelerometerInfo.h; sourceTree = "<group>"; };
		E74A7FB61894FE1400E5BEEB /* SSAccelerometerInfo.m */ = {isa = PBXFileReference; fileEncoding = 4; lastKnownFileType = sourcecode.c.objc; path = SSAccelerometerInfo.m; sourceTree = "<group>"; };
		E74A7FB71894FE1400E5BEEB /* SSAccessoryInfo.h */ = {isa = PBXFileReference; fileEncoding = 4; lastKnownFileType = sourcecode.c.h; path = SSAccessoryInfo.h; sourceTree = "<group>"; };
		E74A7FB81894FE1400E5BEEB /* SSAccessoryInfo.m */ = {isa = PBXFileReference; fileEncoding = 4; lastKnownFileType = sourcecode.c.objc; path = SSAccessoryInfo.m; sourceTree = "<group>"; };
		E74A7FB91894FE1400E5BEEB /* SSApplicationInfo.h */ = {isa = PBXFileReference; fileEncoding = 4; lastKnownFileType = sourcecode.c.h; path = SSApplicationInfo.h; sourceTree = "<group>"; };
		E74A7FBA1894FE1400E5BEEB /* SSApplicationInfo.m */ = {isa = PBXFileReference; fileEncoding = 4; lastKnownFileType = sourcecode.c.objc; path = SSApplicationInfo.m; sourceTree = "<group>"; };
		E74A7FBB1894FE1400E5BEEB /* SSBatteryInfo.h */ = {isa = PBXFileReference; fileEncoding = 4; lastKnownFileType = sourcecode.c.h; path = SSBatteryInfo.h; sourceTree = "<group>"; };
		E74A7FBC1894FE1400E5BEEB /* SSBatteryInfo.m */ = {isa = PBXFileReference; fileEncoding = 4; lastKnownFileType = sourcecode.c.objc; path = SSBatteryInfo.m; sourceTree = "<group>"; };
		E74A7FBD1894FE1400E5BEEB /* SSCarrierInfo.h */ = {isa = PBXFileReference; fileEncoding = 4; lastKnownFileType = sourcecode.c.h; path = SSCarrierInfo.h; sourceTree = "<group>"; };
		E74A7FBE1894FE1400E5BEEB /* SSCarrierInfo.m */ = {isa = PBXFileReference; fileEncoding = 4; lastKnownFileType = sourcecode.c.objc; path = SSCarrierInfo.m; sourceTree = "<group>"; };
		E74A7FBF1894FE1400E5BEEB /* SSDiskInfo.h */ = {isa = PBXFileReference; fileEncoding = 4; lastKnownFileType = sourcecode.c.h; path = SSDiskInfo.h; sourceTree = "<group>"; };
		E74A7FC01894FE1400E5BEEB /* SSDiskInfo.m */ = {isa = PBXFileReference; fileEncoding = 4; lastKnownFileType = sourcecode.c.objc; path = SSDiskInfo.m; sourceTree = "<group>"; };
		E74A7FC11894FE1400E5BEEB /* SSHardwareInfo.h */ = {isa = PBXFileReference; fileEncoding = 4; lastKnownFileType = sourcecode.c.h; path = SSHardwareInfo.h; sourceTree = "<group>"; };
		E74A7FC21894FE1400E5BEEB /* SSHardwareInfo.m */ = {isa = PBXFileReference; fileEncoding = 4; lastKnownFileType = sourcecode.c.objc; path = SSHardwareInfo.m; sourceTree = "<group>"; };
		E74A7FC31894FE1400E5BEEB /* SSJailbreakCheck.h */ = {isa = PBXFileReference; fileEncoding = 4; lastKnownFileType = sourcecode.c.h; path = SSJailbreakCheck.h; sourceTree = "<group>"; };
		E74A7FC41894FE1400E5BEEB /* SSJailbreakCheck.m */ = {isa = PBXFileReference; fileEncoding = 4; lastKnownFileType = sourcecode.c.objc; path = SSJailbreakCheck.m; sourceTree = "<group>"; };
		E74A7FC51894FE1400E5BEEB /* SSLocalizationInfo.h */ = {isa = PBXFileReference; fileEncoding = 4; lastKnownFileType = sourcecode.c.h; path = SSLocalizationInfo.h; sourceTree = "<group>"; };
		E74A7FC61894FE1400E5BEEB /* SSLocalizationInfo.m */ = {isa = PBXFileReference; fileEncoding = 4; lastKnownFileType = sourcecode.c.objc; path = SSLocalizationInfo.m; sourceTree = "<group>"; };
		E74A7FC71894FE1400E5BEEB /* SSMemoryInfo.h */ = {isa = PBXFileReference; fileEncoding = 4; lastKnownFileType = sourcecode.c.h; path = SSMemoryInfo.h; sourceTree = "<group>"; };
		E74A7FC81894FE1400E5BEEB /* SSMemoryInfo.m */ = {isa = PBXFileReference; fileEncoding = 4; lastKnownFileType = sourcecode.c.objc; path = SSMemoryInfo.m; sourceTree = "<group>"; };
		E74A7FC91894FE1400E5BEEB /* SSNetworkInfo.h */ = {isa = PBXFileReference; fileEncoding = 4; lastKnownFileType = sourcecode.c.h; path = SSNetworkInfo.h; sourceTree = "<group>"; };
		E74A7FCA1894FE1400E5BEEB /* SSNetworkInfo.m */ = {isa = PBXFileReference; fileEncoding = 4; lastKnownFileType = sourcecode.c.objc; path = SSNetworkInfo.m; sourceTree = "<group>"; };
		E74A7FCB1894FE1400E5BEEB /* SSProcessInfo.h */ = {isa = PBXFileReference; fileEncoding = 4; lastKnownFileType = sourcecode.c.h; path = SSProcessInfo.h; sourceTree = "<group>"; };
		E74A7FCC1894FE1400E5BEEB /* SSProcessInfo.m */ = {isa = PBXFileReference; fileEncoding = 4; lastKnownFileType = sourcecode.c.objc; path = SSProcessInfo.m; sourceTree = "<group>"; };
		E74A7FCD1894FE1400E5BEEB /* SSProcessorInfo.h */ = {isa = PBXFileReference; fileEncoding = 4; lastKnownFileType = sourcecode.c.h; path = SSProcessorInfo.h; sourceTree = "<group>"; };
		E74A7FCE1894FE1400E5BEEB /* SSProcessorInfo.m */ = {isa = PBXFileReference; fileEncoding = 4; lastKnownFileType = sourcecode.c.objc; path = SSProcessorInfo.m; sourceTree = "<group>"; };
		E74A7FCF1894FE1400E5BEEB /* SSUUID.h */ = {isa = PBXFileReference; fileEncoding = 4; lastKnownFileType = sourcecode.c.h; path = SSUUID.h; sourceTree = "<group>"; };
		E74A7FD01894FE1400E5BEEB /* SSUUID.m */ = {isa = PBXFileReference; fileEncoding = 4; lastKnownFileType = sourcecode.c.objc; path = SSUUID.m; sourceTree = "<group>"; };
		E74A7FD11894FE1400E5BEEB /* SystemServicesConstants.h */ = {isa = PBXFileReference; fileEncoding = 4; lastKnownFileType = sourcecode.c.h; path = SystemServicesConstants.h; sourceTree = "<group>"; };
		E74A7FD31894FE1400E5BEEB /* Appota_OpenUDID.h */ = {isa = PBXFileReference; fileEncoding = 4; lastKnownFileType = sourcecode.c.h; path = Appota_OpenUDID.h; sourceTree = "<group>"; };
		E74A7FD41894FE1400E5BEEB /* Appota_OpenUDID.m */ = {isa = PBXFileReference; fileEncoding = 4; lastKnownFileType = sourcecode.c.objc; path = Appota_OpenUDID.m; sourceTree = "<group>"; };
		E74A7FD51894FE1400E5BEEB /* NSString+MD5Addition.h */ = {isa = PBXFileReference; fileEncoding = 4; lastKnownFileType = sourcecode.c.h; path = "NSString+MD5Addition.h"; sourceTree = "<group>"; };
		E74A7FD61894FE1400E5BEEB /* NSString+MD5Addition.m */ = {isa = PBXFileReference; fileEncoding = 4; lastKnownFileType = sourcecode.c.objc; path = "NSString+MD5Addition.m"; sourceTree = "<group>"; };
		E74A7FD71894FE1400E5BEEB /* UIDevice+IdentifierAddition.h */ = {isa = PBXFileReference; fileEncoding = 4; lastKnownFileType = sourcecode.c.h; path = "UIDevice+IdentifierAddition.h"; sourceTree = "<group>"; };
		E74A7FD81894FE1400E5BEEB /* UIDevice+IdentifierAddition.m */ = {isa = PBXFileReference; fileEncoding = 4; lastKnownFileType = sourcecode.c.objc; path = "UIDevice+IdentifierAddition.m"; sourceTree = "<group>"; };
		E74A7FD91894FE1400E5BEEB /* UIDevice-Hardware.h */ = {isa = PBXFileReference; fileEncoding = 4; lastKnownFileType = sourcecode.c.h; path = "UIDevice-Hardware.h"; sourceTree = "<group>"; };
		E74A7FDA1894FE1400E5BEEB /* UIDevice-Hardware.m */ = {isa = PBXFileReference; fileEncoding = 4; lastKnownFileType = sourcecode.c.objc; path = "UIDevice-Hardware.m"; sourceTree = "<group>"; };
		E74E865D1896AEC700BF4E6A /* SubcategoryViewController.h */ = {isa = PBXFileReference; fileEncoding = 4; lastKnownFileType = sourcecode.c.h; path = SubcategoryViewController.h; sourceTree = "<group>"; };
		E74E865E1896AEC700BF4E6A /* SubcategoryViewController.m */ = {isa = PBXFileReference; fileEncoding = 4; lastKnownFileType = sourcecode.c.objc; path = SubcategoryViewController.m; sourceTree = "<group>"; };
		E74E86601896B2C300BF4E6A /* SubcategoryViewCell.h */ = {isa = PBXFileReference; fileEncoding = 4; lastKnownFileType = sourcecode.c.h; path = SubcategoryViewCell.h; sourceTree = "<group>"; };
		E74E86611896B2C300BF4E6A /* SubcategoryViewCell.m */ = {isa = PBXFileReference; fileEncoding = 4; lastKnownFileType = sourcecode.c.objc; path = SubcategoryViewCell.m; sourceTree = "<group>"; };
		E74E86631896B2DE00BF4E6A /* SubcategoryViewCell.xib */ = {isa = PBXFileReference; fileEncoding = 4; lastKnownFileType = file.xib; path = SubcategoryViewCell.xib; sourceTree = "<group>"; };
		E74E86651896C96D00BF4E6A /* SMSViewController.h */ = {isa = PBXFileReference; fileEncoding = 4; lastKnownFileType = sourcecode.c.h; path = SMSViewController.h; sourceTree = "<group>"; };
		E74E86661896C96D00BF4E6A /* SMSViewController.m */ = {isa = PBXFileReference; fileEncoding = 4; lastKnownFileType = sourcecode.c.objc; path = SMSViewController.m; sourceTree = "<group>"; };
		E74E86681896CA3900BF4E6A /* SMSViewController.xib */ = {isa = PBXFileReference; fileEncoding = 4; lastKnownFileType = file.xib; path = SMSViewController.xib; sourceTree = "<group>"; };
		E75E02D41898B10C00961FF3 /* MessageUI.framework */ = {isa = PBXFileReference; lastKnownFileType = wrapper.framework; name = MessageUI.framework; path = System/Library/Frameworks/MessageUI.framework; sourceTree = SDKROOT; };
		E75E02D61898C6A200961FF3 /* TextViewController.h */ = {isa = PBXFileReference; fileEncoding = 4; lastKnownFileType = sourcecode.c.h; path = TextViewController.h; sourceTree = "<group>"; };
		E75E02D71898C6A200961FF3 /* TextViewController.m */ = {isa = PBXFileReference; fileEncoding = 4; lastKnownFileType = sourcecode.c.objc; path = TextViewController.m; sourceTree = "<group>"; };
		E75E02D91898C6B300961FF3 /* TextViewController.xib */ = {isa = PBXFileReference; fileEncoding = 4; lastKnownFileType = file.xib; path = TextViewController.xib; sourceTree = "<group>"; };
		E75E02DB1898F32900961FF3 /* libsqlite3.dylib */ = {isa = PBXFileReference; lastKnownFileType = "compiled.mach-o.dylib"; name = libsqlite3.dylib; path = usr/lib/libsqlite3.dylib; sourceTree = SDKROOT; };
		E75E02DE1898F66200961FF3 /* DBEngine.h */ = {isa = PBXFileReference; fileEncoding = 4; lastKnownFileType = sourcecode.c.h; path = DBEngine.h; sourceTree = "<group>"; };
		E75E02DF1898F66200961FF3 /* DBEngine.m */ = {isa = PBXFileReference; fileEncoding = 4; lastKnownFileType = sourcecode.c.objc; path = DBEngine.m; sourceTree = "<group>"; };
		E75E03301899279400961FF3 /* FavViewController.h */ = {isa = PBXFileReference; fileEncoding = 4; lastKnownFileType = sourcecode.c.h; path = FavViewController.h; sourceTree = "<group>"; };
		E75E03311899279400961FF3 /* FavViewController.m */ = {isa = PBXFileReference; fileEncoding = 4; lastKnownFileType = sourcecode.c.objc; path = FavViewController.m; sourceTree = "<group>"; };
		E75E0333189939A000961FF3 /* RecentUsedViewController.h */ = {isa = PBXFileReference; fileEncoding = 4; lastKnownFileType = sourcecode.c.h; path = RecentUsedViewController.h; sourceTree = "<group>"; };
		E75E0334189939A000961FF3 /* RecentUsedViewController.m */ = {isa = PBXFileReference; fileEncoding = 4; lastKnownFileType = sourcecode.c.objc; path = RecentUsedViewController.m; sourceTree = "<group>"; };
		E75E033718997CD900961FF3 /* close-btn.png */ = {isa = PBXFileReference; lastKnownFileType = image.png; path = "close-btn.png"; sourceTree = "<group>"; };
		E75E033818997CD900961FF3 /* close-btn@2x.png */ = {isa = PBXFileReference; lastKnownFileType = image.png; path = "close-btn@2x.png"; sourceTree = "<group>"; };
		E75E033918997CD900961FF3 /* dislike-btn.png */ = {isa = PBXFileReference; lastKnownFileType = image.png; path = "dislike-btn.png"; sourceTree = "<group>"; };
		E75E033A18997CD900961FF3 /* dislike-btn@2x.png */ = {isa = PBXFileReference; lastKnownFileType = image.png; path = "dislike-btn@2x.png"; sourceTree = "<group>"; };
		E75E033B18997CD900961FF3 /* fav-menu.png */ = {isa = PBXFileReference; lastKnownFileType = image.png; path = "fav-menu.png"; sourceTree = "<group>"; };
		E75E033C18997CD900961FF3 /* fav-menu@2x.png */ = {isa = PBXFileReference; lastKnownFileType = image.png; path = "fav-menu@2x.png"; sourceTree = "<group>"; };
		E75E033D18997CD900961FF3 /* header-logo.png */ = {isa = PBXFileReference; lastKnownFileType = image.png; path = "header-logo.png"; sourceTree = "<group>"; };
		E75E033E18997CD900961FF3 /* header-logo@2x.png */ = {isa = PBXFileReference; lastKnownFileType = image.png; path = "header-logo@2x.png"; sourceTree = "<group>"; };
		E75E033F18997CD900961FF3 /* home-menu.png */ = {isa = PBXFileReference; lastKnownFileType = image.png; path = "home-menu.png"; sourceTree = "<group>"; };
		E75E034018997CD900961FF3 /* home-menu@2x.png */ = {isa = PBXFileReference; lastKnownFileType = image.png; path = "home-menu@2x.png"; sourceTree = "<group>"; };
		E75E034118997CD900961FF3 /* like-btn-selected.png */ = {isa = PBXFileReference; lastKnownFileType = image.png; path = "like-btn-selected.png"; sourceTree = "<group>"; };
		E75E034218997CD900961FF3 /* like-btn-selected@2x.png */ = {isa = PBXFileReference; lastKnownFileType = image.png; path = "like-btn-selected@2x.png"; sourceTree = "<group>"; };
		E75E034318997CD900961FF3 /* like-btn.png */ = {isa = PBXFileReference; lastKnownFileType = image.png; path = "like-btn.png"; sourceTree = "<group>"; };
		E75E034418997CD900961FF3 /* like-btn@2x.png */ = {isa = PBXFileReference; lastKnownFileType = image.png; path = "like-btn@2x.png"; sourceTree = "<group>"; };
		E75E034518997CD900961FF3 /* menu-back.png */ = {isa = PBXFileReference; lastKnownFileType = image.png; path = "menu-back.png"; sourceTree = "<group>"; };
		E75E034618997CD900961FF3 /* menu-back@2x.png */ = {isa = PBXFileReference; lastKnownFileType = image.png; path = "menu-back@2x.png"; sourceTree = "<group>"; };
		E75E034718997CD900961FF3 /* menu-open.png */ = {isa = PBXFileReference; lastKnownFileType = image.png; path = "menu-open.png"; sourceTree = "<group>"; };
		E75E034818997CD900961FF3 /* menu-open@2x.png */ = {isa = PBXFileReference; lastKnownFileType = image.png; path = "menu-open@2x.png"; sourceTree = "<group>"; };
		E75E034918997CD900961FF3 /* offline-hovercard.png */ = {isa = PBXFileReference; lastKnownFileType = image.png; path = "offline-hovercard.png"; sourceTree = "<group>"; };
		E75E034A18997CD900961FF3 /* offline-hovercard@2x.png */ = {isa = PBXFileReference; lastKnownFileType = image.png; path = "offline-hovercard@2x.png"; sourceTree = "<group>"; };
		E75E034B18997CD900961FF3 /* offline-toolbar.png */ = {isa = PBXFileReference; lastKnownFileType = image.png; path = "offline-toolbar.png"; sourceTree = "<group>"; };
		E75E034C18997CD900961FF3 /* offline-toolbar@2x.png */ = {isa = PBXFileReference; lastKnownFileType = image.png; path = "offline-toolbar@2x.png"; sourceTree = "<group>"; };
		E75E034D18997CD900961FF3 /* offline-touch-hovercard.png */ = {isa = PBXFileReference; lastKnownFileType = image.png; path = "offline-touch-hovercard.png"; sourceTree = "<group>"; };
		E75E034E18997CD900961FF3 /* offline-touch-hovercard@2x.png */ = {isa = PBXFileReference; lastKnownFileType = image.png; path = "offline-touch-hovercard@2x.png"; sourceTree = "<group>"; };
		E75E034F18997CD900961FF3 /* offlineon-toolbar.png */ = {isa = PBXFileReference; lastKnownFileType = image.png; path = "offlineon-toolbar.png"; sourceTree = "<group>"; };
		E75E035018997CD900961FF3 /* offlineon-toolbar@2x.png */ = {isa = PBXFileReference; lastKnownFileType = image.png; path = "offlineon-toolbar@2x.png"; sourceTree = "<group>"; };
		E75E035118997CD900961FF3 /* recently-menu.png */ = {isa = PBXFileReference; lastKnownFileType = image.png; path = "recently-menu.png"; sourceTree = "<group>"; };
		E75E035218997CD900961FF3 /* recently-menu@2x.png */ = {isa = PBXFileReference; lastKnownFileType = image.png; path = "recently-menu@2x.png"; sourceTree = "<group>"; };
		E75E035318997CDA00961FF3 /* search-btn.png */ = {isa = PBXFileReference; lastKnownFileType = image.png; path = "search-btn.png"; sourceTree = "<group>"; };
		E75E035418997CDA00961FF3 /* search-btn@2x.png */ = {isa = PBXFileReference; lastKnownFileType = image.png; path = "search-btn@2x.png"; sourceTree = "<group>"; };
		E75E035518997CDA00961FF3 /* share-btn.png */ = {isa = PBXFileReference; lastKnownFileType = image.png; path = "share-btn.png"; sourceTree = "<group>"; };
		E75E035618997CDA00961FF3 /* share-btn@2x.png */ = {isa = PBXFileReference; lastKnownFileType = image.png; path = "share-btn@2x.png"; sourceTree = "<group>"; };
		E75E035718997CDA00961FF3 /* spinner.png */ = {isa = PBXFileReference; lastKnownFileType = image.png; path = spinner.png; sourceTree = "<group>"; };
		E75E035818997CDA00961FF3 /* spinner@2x.png */ = {isa = PBXFileReference; lastKnownFileType = image.png; path = "spinner@2x.png"; sourceTree = "<group>"; };
		E75E035918997CDA00961FF3 /* white-fav-menu.png */ = {isa = PBXFileReference; lastKnownFileType = image.png; path = "white-fav-menu.png"; sourceTree = "<group>"; };
		E75E035A18997CDA00961FF3 /* white-fav-menu@2x.png */ = {isa = PBXFileReference; lastKnownFileType = image.png; path = "white-fav-menu@2x.png"; sourceTree = "<group>"; };
		E75E035B18997CDA00961FF3 /* white-home-menu.png */ = {isa = PBXFileReference; lastKnownFileType = image.png; path = "white-home-menu.png"; sourceTree = "<group>"; };
		E75E035C18997CDA00961FF3 /* white-home-menu@2x.png */ = {isa = PBXFileReference; lastKnownFileType = image.png; path = "white-home-menu@2x.png"; sourceTree = "<group>"; };
		E75E035D18997CDA00961FF3 /* white-recently-menu.png */ = {isa = PBXFileReference; lastKnownFileType = image.png; path = "white-recently-menu.png"; sourceTree = "<group>"; };
		E75E035E18997CDA00961FF3 /* white-recently-menu@2x.png */ = {isa = PBXFileReference; lastKnownFileType = image.png; path = "white-recently-menu@2x.png"; sourceTree = "<group>"; };
		E76650D11896213800F90814 /* NSString+sha1.h */ = {isa = PBXFileReference; fileEncoding = 4; lastKnownFileType = sourcecode.c.h; path = "NSString+sha1.h"; sourceTree = "<group>"; };
		E76650D21896213800F90814 /* NSString+sha1.m */ = {isa = PBXFileReference; fileEncoding = 4; lastKnownFileType = sourcecode.c.objc; path = "NSString+sha1.m"; sourceTree = "<group>"; };
		E76650D41896366600F90814 /* APIEngine+SMS.h */ = {isa = PBXFileReference; fileEncoding = 4; lastKnownFileType = sourcecode.c.h; path = "APIEngine+SMS.h"; sourceTree = "<group>"; };
		E76650D51896366600F90814 /* APIEngine+SMS.m */ = {isa = PBXFileReference; fileEncoding = 4; lastKnownFileType = sourcecode.c.objc; path = "APIEngine+SMS.m"; sourceTree = "<group>"; };
		E76650E018965C9D00F90814 /* CategoryViewController.h */ = {isa = PBXFileReference; fileEncoding = 4; lastKnownFileType = sourcecode.c.h; path = CategoryViewController.h; sourceTree = "<group>"; };
		E76650E118965C9D00F90814 /* CategoryViewController.m */ = {isa = PBXFileReference; fileEncoding = 4; lastKnownFileType = sourcecode.c.objc; path = CategoryViewController.m; sourceTree = "<group>"; };
		E76650EA1896693600F90814 /* MainViewController.h */ = {isa = PBXFileReference; fileEncoding = 4; lastKnownFileType = sourcecode.c.h; path = MainViewController.h; sourceTree = "<group>"; };
		E76650EB1896693600F90814 /* MainViewController.m */ = {isa = PBXFileReference; fileEncoding = 4; lastKnownFileType = sourcecode.c.objc; path = MainViewController.m; sourceTree = "<group>"; };
		E76FC15B189A2DEA00250C19 /* DBEngine+Encrypt.h */ = {isa = PBXFileReference; fileEncoding = 4; lastKnownFileType = sourcecode.c.h; path = "DBEngine+Encrypt.h"; sourceTree = "<group>"; };
		E76FC15C189A2DEA00250C19 /* DBEngine+Encrypt.m */ = {isa = PBXFileReference; fileEncoding = 4; lastKnownFileType = sourcecode.c.objc; path = "DBEngine+Encrypt.m"; sourceTree = "<group>"; };
		E793176718925E2B00E312FF /* TinNhanYeuThuong.app */ = {isa = PBXFileReference; explicitFileType = wrapper.application; includeInIndex = 0; path = TinNhanYeuThuong.app; sourceTree = BUILT_PRODUCTS_DIR; };
		E793176A18925E2B00E312FF /* Foundation.framework */ = {isa = PBXFileReference; lastKnownFileType = wrapper.framework; name = Foundation.framework; path = System/Library/Frameworks/Foundation.framework; sourceTree = SDKROOT; };
		E793176C18925E2B00E312FF /* CoreGraphics.framework */ = {isa = PBXFileReference; lastKnownFileType = wrapper.framework; name = CoreGraphics.framework; path = System/Library/Frameworks/CoreGraphics.framework; sourceTree = SDKROOT; };
		E793176E18925E2B00E312FF /* UIKit.framework */ = {isa = PBXFileReference; lastKnownFileType = wrapper.framework; name = UIKit.framework; path = System/Library/Frameworks/UIKit.framework; sourceTree = SDKROOT; };
		E793177218925E2B00E312FF /* TinNhanYeuThuong-Info.plist */ = {isa = PBXFileReference; lastKnownFileType = text.plist.xml; path = "TinNhanYeuThuong-Info.plist"; sourceTree = "<group>"; };
		E793177418925E2B00E312FF /* en */ = {isa = PBXFileReference; lastKnownFileType = text.plist.strings; name = en; path = en.lproj/InfoPlist.strings; sourceTree = "<group>"; };
		E793177618925E2B00E312FF /* main.m */ = {isa = PBXFileReference; lastKnownFileType = sourcecode.c.objc; path = main.m; sourceTree = "<group>"; };
		E793177818925E2B00E312FF /* TinNhanYeuThuong-Prefix.pch */ = {isa = PBXFileReference; lastKnownFileType = sourcecode.c.h; path = "TinNhanYeuThuong-Prefix.pch"; sourceTree = "<group>"; };
		E793177918925E2B00E312FF /* AppDelegate.h */ = {isa = PBXFileReference; lastKnownFileType = sourcecode.c.h; path = AppDelegate.h; sourceTree = "<group>"; };
		E793177A18925E2B00E312FF /* AppDelegate.m */ = {isa = PBXFileReference; lastKnownFileType = sourcecode.c.objc; path = AppDelegate.m; sourceTree = "<group>"; };
		E793177C18925E2C00E312FF /* Images.xcassets */ = {isa = PBXFileReference; lastKnownFileType = folder.assetcatalog; path = Images.xcassets; sourceTree = "<group>"; };
		E793178218925E2C00E312FF /* TinNhanYeuThuongTests.xctest */ = {isa = PBXFileReference; explicitFileType = wrapper.cfbundle; includeInIndex = 0; path = TinNhanYeuThuongTests.xctest; sourceTree = BUILT_PRODUCTS_DIR; };
		E793178318925E2C00E312FF /* XCTest.framework */ = {isa = PBXFileReference; lastKnownFileType = wrapper.framework; name = XCTest.framework; path = Library/Frameworks/XCTest.framework; sourceTree = DEVELOPER_DIR; };
		E793178B18925E2C00E312FF /* TinNhanYeuThuongTests-Info.plist */ = {isa = PBXFileReference; lastKnownFileType = text.plist.xml; path = "TinNhanYeuThuongTests-Info.plist"; sourceTree = "<group>"; };
		E793178D18925E2C00E312FF /* en */ = {isa = PBXFileReference; lastKnownFileType = text.plist.strings; name = en; path = en.lproj/InfoPlist.strings; sourceTree = "<group>"; };
		E793178F18925E2C00E312FF /* TinNhanYeuThuongTests.m */ = {isa = PBXFileReference; lastKnownFileType = sourcecode.c.objc; path = TinNhanYeuThuongTests.m; sourceTree = "<group>"; };
		E7E49E3A18949B20000884BE /* ProximaNova-Bold.ttf */ = {isa = PBXFileReference; lastKnownFileType = file; path = "ProximaNova-Bold.ttf"; sourceTree = "<group>"; };
		E7E49E3B18949B20000884BE /* ProximaNova-Regular.ttf */ = {isa = PBXFileReference; lastKnownFileType = file; path = "ProximaNova-Regular.ttf"; sourceTree = "<group>"; };
/* End PBXFileReference section */

/* Begin PBXFrameworksBuildPhase section */
		E793176418925E2B00E312FF /* Frameworks */ = {
			isa = PBXFrameworksBuildPhase;
			buildActionMask = 2147483647;
			files = (
				E75E02DC1898F32900961FF3 /* libsqlite3.dylib in Frameworks */,
				E75E02D51898B10C00961FF3 /* MessageUI.framework in Frameworks */,
				E732E5541896721A00409B4E /* QuartzCore.framework in Frameworks */,
				E793176D18925E2B00E312FF /* CoreGraphics.framework in Frameworks */,
				E793176F18925E2B00E312FF /* UIKit.framework in Frameworks */,
				E793176B18925E2B00E312FF /* Foundation.framework in Frameworks */,
				B957F483C3F7496A817407C7 /* libPods.a in Frameworks */,
			);
			runOnlyForDeploymentPostprocessing = 0;
		};
		E793177F18925E2C00E312FF /* Frameworks */ = {
			isa = PBXFrameworksBuildPhase;
			buildActionMask = 2147483647;
			files = (
				E793178418925E2C00E312FF /* XCTest.framework in Frameworks */,
				E793178618925E2C00E312FF /* UIKit.framework in Frameworks */,
				E793178518925E2C00E312FF /* Foundation.framework in Frameworks */,
			);
			runOnlyForDeploymentPostprocessing = 0;
		};
/* End PBXFrameworksBuildPhase section */

/* Begin PBXGroup section */
		E732E57A18969BB400409B4E /* BaseView */ = {
			isa = PBXGroup;
			children = (
				E732E57B18969BB400409B4E /* BaseTableViewCell.h */,
				E732E57C18969BB400409B4E /* BaseTableViewCell.m */,
				E732E57D18969BB400409B4E /* BaseTableViewCell.xib */,
				E732E57E18969BB400409B4E /* BaseViewController.h */,
				E732E57F18969BB400409B4E /* BaseViewController.m */,
				E732E58018969BB400409B4E /* BaseViewController.xib */,
			);
			name = BaseView;
			path = Classes/BaseView;
			sourceTree = "<group>";
		};
		E732E58518969BC600409B4E /* HomeView */ = {
			isa = PBXGroup;
			children = (
				E732E58618969BD300409B4E /* HomeViewController.h */,
				E732E58718969BD300409B4E /* HomeViewController.m */,
			);
			name = HomeView;
			path = Classes/HomeView;
			sourceTree = "<group>";
		};
		E74A7F2318949F5100E5BEEB /* Libraries */ = {
			isa = PBXGroup;
			children = (
				E76650D01896213800F90814 /* NSString */,
				E74A7FA61894FE0000E5BEEB /* Fonts */,
			);
			name = Libraries;
			sourceTree = "<group>";
		};
		E74A7F331894A36F00E5BEEB /* Vendors */ = {
			isa = PBXGroup;
			children = (
				E74A7FAF1894FE1400E5BEEB /* System Services */,
				E74A7FD21894FE1400E5BEEB /* UUID */,
			);
			name = Vendors;
			sourceTree = "<group>";
		};
		E74A7F901894F7E700E5BEEB /* APIEngine */ = {
			isa = PBXGroup;
			children = (
				E74A7F911894F7E700E5BEEB /* APIEngine.h */,
				E74A7F921894F7E700E5BEEB /* APIEngine.m */,
				E76650D41896366600F90814 /* APIEngine+SMS.h */,
				E76650D51896366600F90814 /* APIEngine+SMS.m */,
			);
			name = APIEngine;
			path = Classes/APIEngine;
			sourceTree = "<group>";
		};
		E74A7FA61894FE0000E5BEEB /* Fonts */ = {
			isa = PBXGroup;
			children = (
				E74A7FA71894FE0000E5BEEB /* CustomFontUILabel.h */,
				E74A7FA81894FE0000E5BEEB /* CustomFontUILabel.m */,
				E74A7FA91894FE0000E5BEEB /* UIViewController+Font.h */,
				E74A7FAA1894FE0000E5BEEB /* UIViewController+Font.m */,
			);
			name = Fonts;
			path = TinNhanYeuThuong/Libraries/Fonts;
			sourceTree = "<group>";
		};
		E74A7FAF1894FE1400E5BEEB /* System Services */ = {
			isa = PBXGroup;
			children = (
				E74A7FB01894FE1400E5BEEB /* SystemServices.h */,
				E74A7FB11894FE1400E5BEEB /* SystemServices.m */,
				E74A7FB21894FE1400E5BEEB /* Utilities */,
			);
			name = "System Services";
			path = "TinNhanYeuThuong/Vendors/System Services";
			sourceTree = "<group>";
		};
		E74A7FB21894FE1400E5BEEB /* Utilities */ = {
			isa = PBXGroup;
			children = (
				E74A7FB31894FE1400E5BEEB /* NSObject+PerformBlockAfterDelay.h */,
				E74A7FB41894FE1400E5BEEB /* NSObject+PerformBlockAfterDelay.m */,
				E74A7FB51894FE1400E5BEEB /* SSAccelerometerInfo.h */,
				E74A7FB61894FE1400E5BEEB /* SSAccelerometerInfo.m */,
				E74A7FB71894FE1400E5BEEB /* SSAccessoryInfo.h */,
				E74A7FB81894FE1400E5BEEB /* SSAccessoryInfo.m */,
				E74A7FB91894FE1400E5BEEB /* SSApplicationInfo.h */,
				E74A7FBA1894FE1400E5BEEB /* SSApplicationInfo.m */,
				E74A7FBB1894FE1400E5BEEB /* SSBatteryInfo.h */,
				E74A7FBC1894FE1400E5BEEB /* SSBatteryInfo.m */,
				E74A7FBD1894FE1400E5BEEB /* SSCarrierInfo.h */,
				E74A7FBE1894FE1400E5BEEB /* SSCarrierInfo.m */,
				E74A7FBF1894FE1400E5BEEB /* SSDiskInfo.h */,
				E74A7FC01894FE1400E5BEEB /* SSDiskInfo.m */,
				E74A7FC11894FE1400E5BEEB /* SSHardwareInfo.h */,
				E74A7FC21894FE1400E5BEEB /* SSHardwareInfo.m */,
				E74A7FC31894FE1400E5BEEB /* SSJailbreakCheck.h */,
				E74A7FC41894FE1400E5BEEB /* SSJailbreakCheck.m */,
				E74A7FC51894FE1400E5BEEB /* SSLocalizationInfo.h */,
				E74A7FC61894FE1400E5BEEB /* SSLocalizationInfo.m */,
				E74A7FC71894FE1400E5BEEB /* SSMemoryInfo.h */,
				E74A7FC81894FE1400E5BEEB /* SSMemoryInfo.m */,
				E74A7FC91894FE1400E5BEEB /* SSNetworkInfo.h */,
				E74A7FCA1894FE1400E5BEEB /* SSNetworkInfo.m */,
				E74A7FCB1894FE1400E5BEEB /* SSProcessInfo.h */,
				E74A7FCC1894FE1400E5BEEB /* SSProcessInfo.m */,
				E74A7FCD1894FE1400E5BEEB /* SSProcessorInfo.h */,
				E74A7FCE1894FE1400E5BEEB /* SSProcessorInfo.m */,
				E74A7FCF1894FE1400E5BEEB /* SSUUID.h */,
				E74A7FD01894FE1400E5BEEB /* SSUUID.m */,
				E74A7FD11894FE1400E5BEEB /* SystemServicesConstants.h */,
			);
			path = Utilities;
			sourceTree = "<group>";
		};
		E74A7FD21894FE1400E5BEEB /* UUID */ = {
			isa = PBXGroup;
			children = (
				E74A7FD31894FE1400E5BEEB /* Appota_OpenUDID.h */,
				E74A7FD41894FE1400E5BEEB /* Appota_OpenUDID.m */,
				E74A7FD51894FE1400E5BEEB /* NSString+MD5Addition.h */,
				E74A7FD61894FE1400E5BEEB /* NSString+MD5Addition.m */,
				E74A7FD71894FE1400E5BEEB /* UIDevice+IdentifierAddition.h */,
				E74A7FD81894FE1400E5BEEB /* UIDevice+IdentifierAddition.m */,
				E74A7FD91894FE1400E5BEEB /* UIDevice-Hardware.h */,
				E74A7FDA1894FE1400E5BEEB /* UIDevice-Hardware.m */,
			);
			name = UUID;
			path = TinNhanYeuThuong/Vendors/UUID;
			sourceTree = "<group>";
		};
		E75E02DD1898F5BB00961FF3 /* Databases */ = {
			isa = PBXGroup;
			children = (
				E75E02DE1898F66200961FF3 /* DBEngine.h */,
				E75E02DF1898F66200961FF3 /* DBEngine.m */,
				E76FC15B189A2DEA00250C19 /* DBEngine+Encrypt.h */,
				E76FC15C189A2DEA00250C19 /* DBEngine+Encrypt.m */,
			);
			name = Databases;
			path = Classes/Databases;
			sourceTree = "<group>";
		};
		E75E032E1899277B00961FF3 /* FavView */ = {
			isa = PBXGroup;
			children = (
				E75E03301899279400961FF3 /* FavViewController.h */,
				E75E03311899279400961FF3 /* FavViewController.m */,
				E75E0333189939A000961FF3 /* RecentUsedViewController.h */,
				E75E0334189939A000961FF3 /* RecentUsedViewController.m */,
			);
			name = FavView;
			path = Classes/FavView;
			sourceTree = "<group>";
		};
		E75E033618997CD900961FF3 /* images */ = {
			isa = PBXGroup;
			children = (
				E75E033718997CD900961FF3 /* close-btn.png */,
				E75E033818997CD900961FF3 /* close-btn@2x.png */,
				E75E033918997CD900961FF3 /* dislike-btn.png */,
				E75E033A18997CD900961FF3 /* dislike-btn@2x.png */,
				E75E033B18997CD900961FF3 /* fav-menu.png */,
				E75E033C18997CD900961FF3 /* fav-menu@2x.png */,
				E75E033D18997CD900961FF3 /* header-logo.png */,
				E75E033E18997CD900961FF3 /* header-logo@2x.png */,
				E75E033F18997CD900961FF3 /* home-menu.png */,
				E75E034018997CD900961FF3 /* home-menu@2x.png */,
				E75E034118997CD900961FF3 /* like-btn-selected.png */,
				E75E034218997CD900961FF3 /* like-btn-selected@2x.png */,
				E75E034318997CD900961FF3 /* like-btn.png */,
				E75E034418997CD900961FF3 /* like-btn@2x.png */,
				E75E034518997CD900961FF3 /* menu-back.png */,
				E75E034618997CD900961FF3 /* menu-back@2x.png */,
				E75E034718997CD900961FF3 /* menu-open.png */,
				E75E034818997CD900961FF3 /* menu-open@2x.png */,
				E75E034918997CD900961FF3 /* offline-hovercard.png */,
				E75E034A18997CD900961FF3 /* offline-hovercard@2x.png */,
				E75E034B18997CD900961FF3 /* offline-toolbar.png */,
				E75E034C18997CD900961FF3 /* offline-toolbar@2x.png */,
				E75E034D18997CD900961FF3 /* offline-touch-hovercard.png */,
				E75E034E18997CD900961FF3 /* offline-touch-hovercard@2x.png */,
				E75E034F18997CD900961FF3 /* offlineon-toolbar.png */,
				E75E035018997CD900961FF3 /* offlineon-toolbar@2x.png */,
				E75E035118997CD900961FF3 /* recently-menu.png */,
				E75E035218997CD900961FF3 /* recently-menu@2x.png */,
				E75E035318997CDA00961FF3 /* search-btn.png */,
				E75E035418997CDA00961FF3 /* search-btn@2x.png */,
				E75E035518997CDA00961FF3 /* share-btn.png */,
				E75E035618997CDA00961FF3 /* share-btn@2x.png */,
				E75E035718997CDA00961FF3 /* spinner.png */,
				E75E035818997CDA00961FF3 /* spinner@2x.png */,
				E75E035918997CDA00961FF3 /* white-fav-menu.png */,
				E75E035A18997CDA00961FF3 /* white-fav-menu@2x.png */,
				E75E035B18997CDA00961FF3 /* white-home-menu.png */,
				E75E035C18997CDA00961FF3 /* white-home-menu@2x.png */,
				E75E035D18997CDA00961FF3 /* white-recently-menu.png */,
				E75E035E18997CDA00961FF3 /* white-recently-menu@2x.png */,
			);
			path = images;
			sourceTree = "<group>";
		};
		E76650D01896213800F90814 /* NSString */ = {
			isa = PBXGroup;
			children = (
				E76650D11896213800F90814 /* NSString+sha1.h */,
				E76650D21896213800F90814 /* NSString+sha1.m */,
			);
			name = NSString;
			path = TinNhanYeuThuong/Libraries/NSString;
			sourceTree = "<group>";
		};
		E76650DF18965C9D00F90814 /* CategoryView */ = {
			isa = PBXGroup;
			children = (
				E76650E018965C9D00F90814 /* CategoryViewController.h */,
				E76650E118965C9D00F90814 /* CategoryViewController.m */,
			);
			name = CategoryView;
			path = Classes/CategoryView;
			sourceTree = "<group>";
		};
		E76650E218965C9D00F90814 /* SMSView */ = {
			isa = PBXGroup;
			children = (
				E74E86651896C96D00BF4E6A /* SMSViewController.h */,
				E74E86661896C96D00BF4E6A /* SMSViewController.m */,
				E74E86681896CA3900BF4E6A /* SMSViewController.xib */,
				E75E02D61898C6A200961FF3 /* TextViewController.h */,
				E75E02D71898C6A200961FF3 /* TextViewController.m */,
				E75E02D91898C6B300961FF3 /* TextViewController.xib */,
			);
			name = SMSView;
			path = Classes/SMSView;
			sourceTree = "<group>";
		};
		E76650E318965C9D00F90814 /* SubcategoryView */ = {
			isa = PBXGroup;
			children = (
				E74E865D1896AEC700BF4E6A /* SubcategoryViewController.h */,
				E74E865E1896AEC700BF4E6A /* SubcategoryViewController.m */,
				E74E86601896B2C300BF4E6A /* SubcategoryViewCell.h */,
				E74E86611896B2C300BF4E6A /* SubcategoryViewCell.m */,
				E74E86631896B2DE00BF4E6A /* SubcategoryViewCell.xib */,
			);
			name = SubcategoryView;
			path = Classes/SubcategoryView;
			sourceTree = "<group>";
		};
		E76650E9189668C100F90814 /* MainView */ = {
			isa = PBXGroup;
			children = (
				E76650EA1896693600F90814 /* MainViewController.h */,
				E76650EB1896693600F90814 /* MainViewController.m */,
			);
			name = MainView;
			path = Classes/MainView;
			sourceTree = "<group>";
		};
		E793175E18925E2B00E312FF = {
			isa = PBXGroup;
			children = (
				E793177018925E2B00E312FF /* TinNhanYeuThuong */,
				E793178918925E2C00E312FF /* TinNhanYeuThuongTests */,
				E74A7F2318949F5100E5BEEB /* Libraries */,
				E74A7F331894A36F00E5BEEB /* Vendors */,
				E7B3769B189370B500189156 /* Resources */,
				E793176918925E2B00E312FF /* Frameworks */,
				E793176818925E2B00E312FF /* Products */,
				6E48955E1D634C1F90DE1A1F /* Pods.xcconfig */,
			);
			sourceTree = "<group>";
		};
		E793176818925E2B00E312FF /* Products */ = {
			isa = PBXGroup;
			children = (
				E793176718925E2B00E312FF /* TinNhanYeuThuong.app */,
				E793178218925E2C00E312FF /* TinNhanYeuThuongTests.xctest */,
			);
			name = Products;
			sourceTree = "<group>";
		};
		E793176918925E2B00E312FF /* Frameworks */ = {
			isa = PBXGroup;
			children = (
				E75E02DB1898F32900961FF3 /* libsqlite3.dylib */,
				E75E02D41898B10C00961FF3 /* MessageUI.framework */,
				E732E5531896721A00409B4E /* QuartzCore.framework */,
				E793176A18925E2B00E312FF /* Foundation.framework */,
				E793176C18925E2B00E312FF /* CoreGraphics.framework */,
				E793176E18925E2B00E312FF /* UIKit.framework */,
				E793178318925E2C00E312FF /* XCTest.framework */,
				2928991B84A74F92B5F535CD /* libPods.a */,
			);
			name = Frameworks;
			sourceTree = "<group>";
		};
		E793177018925E2B00E312FF /* TinNhanYeuThuong */ = {
			isa = PBXGroup;
			children = (
				E75E02DD1898F5BB00961FF3 /* Databases */,
				E74A7F901894F7E700E5BEEB /* APIEngine */,
				E7E49E3218949A52000884BE /* LeftMenu */,
				E732E57A18969BB400409B4E /* BaseView */,
				E76650E9189668C100F90814 /* MainView */,
				E75E032E1899277B00961FF3 /* FavView */,
				E732E58518969BC600409B4E /* HomeView */,
				E76650DF18965C9D00F90814 /* CategoryView */,
				E76650E218965C9D00F90814 /* SMSView */,
				E76650E318965C9D00F90814 /* SubcategoryView */,
				E793177918925E2B00E312FF /* AppDelegate.h */,
				E793177A18925E2B00E312FF /* AppDelegate.m */,
				E74A7F941894FA5500E5BEEB /* AppConfig.h */,
				E793177C18925E2C00E312FF /* Images.xcassets */,
				E793177118925E2B00E312FF /* Supporting Files */,
			);
			path = TinNhanYeuThuong;
			sourceTree = "<group>";
		};
		E793177118925E2B00E312FF /* Supporting Files */ = {
			isa = PBXGroup;
			children = (
				E793177218925E2B00E312FF /* TinNhanYeuThuong-Info.plist */,
				E793177318925E2B00E312FF /* InfoPlist.strings */,
				E793177618925E2B00E312FF /* main.m */,
				E793177818925E2B00E312FF /* TinNhanYeuThuong-Prefix.pch */,
			);
			name = "Supporting Files";
			sourceTree = "<group>";
		};
		E793178918925E2C00E312FF /* TinNhanYeuThuongTests */ = {
			isa = PBXGroup;
			children = (
				E793178F18925E2C00E312FF /* TinNhanYeuThuongTests.m */,
				E793178A18925E2C00E312FF /* Supporting Files */,
			);
			path = TinNhanYeuThuongTests;
			sourceTree = "<group>";
		};
		E793178A18925E2C00E312FF /* Supporting Files */ = {
			isa = PBXGroup;
			children = (
				E793178B18925E2C00E312FF /* TinNhanYeuThuongTests-Info.plist */,
				E793178C18925E2C00E312FF /* InfoPlist.strings */,
			);
			name = "Supporting Files";
			sourceTree = "<group>";
		};
		E7B3769B189370B500189156 /* Resources */ = {
			isa = PBXGroup;
			children = (
				E75E033618997CD900961FF3 /* images */,
				E7E49E3918949B20000884BE /* fonts */,
			);
			name = Resources;
			path = TinNhanYeuThuong/Resources;
			sourceTree = "<group>";
		};
		E7E49E3218949A52000884BE /* LeftMenu */ = {
			isa = PBXGroup;
			children = (
				E74A7F1C18949F3E00E5BEEB /* LeftMenuViewController.h */,
				E74A7F1D18949F3E00E5BEEB /* LeftMenuViewController.m */,
				E74A7F1E18949F3E00E5BEEB /* LeftMenuViewController.xib */,
				E74A7F1918949F3E00E5BEEB /* LeftMenuTableViewCell.h */,
				E74A7F1A18949F3E00E5BEEB /* LeftMenuTableViewCell.m */,
				E74A7F1B18949F3E00E5BEEB /* LeftMenuTableViewCell.xib */,
			);
			name = LeftMenu;
			sourceTree = "<group>";
		};
		E7E49E3918949B20000884BE /* fonts */ = {
			isa = PBXGroup;
			children = (
				E7E49E3A18949B20000884BE /* ProximaNova-Bold.ttf */,
				E7E49E3B18949B20000884BE /* ProximaNova-Regular.ttf */,
			);
			path = fonts;
			sourceTree = "<group>";
		};
/* End PBXGroup section */

/* Begin PBXNativeTarget section */
		E793176618925E2B00E312FF /* TinNhanYeuThuong */ = {
			isa = PBXNativeTarget;
			buildConfigurationList = E793179318925E2C00E312FF /* Build configuration list for PBXNativeTarget "TinNhanYeuThuong" */;
			buildPhases = (
				A73D3D2F4706403D821D3D0A /* Check Pods Manifest.lock */,
				E793176318925E2B00E312FF /* Sources */,
				E793176418925E2B00E312FF /* Frameworks */,
				E793176518925E2B00E312FF /* Resources */,
				57E0D2A78DB94B92A4A588EC /* Copy Pods Resources */,
			);
			buildRules = (
			);
			dependencies = (
			);
			name = TinNhanYeuThuong;
			productName = TinNhanYeuThuong;
			productReference = E793176718925E2B00E312FF /* TinNhanYeuThuong.app */;
			productType = "com.apple.product-type.application";
		};
		E793178118925E2C00E312FF /* TinNhanYeuThuongTests */ = {
			isa = PBXNativeTarget;
			buildConfigurationList = E793179618925E2C00E312FF /* Build configuration list for PBXNativeTarget "TinNhanYeuThuongTests" */;
			buildPhases = (
				E793177E18925E2C00E312FF /* Sources */,
				E793177F18925E2C00E312FF /* Frameworks */,
				E793178018925E2C00E312FF /* Resources */,
			);
			buildRules = (
			);
			dependencies = (
				E793178818925E2C00E312FF /* PBXTargetDependency */,
			);
			name = TinNhanYeuThuongTests;
			productName = TinNhanYeuThuongTests;
			productReference = E793178218925E2C00E312FF /* TinNhanYeuThuongTests.xctest */;
			productType = "com.apple.product-type.bundle.unit-test";
		};
/* End PBXNativeTarget section */

/* Begin PBXProject section */
		E793175F18925E2B00E312FF /* Project object */ = {
			isa = PBXProject;
			attributes = {
				LastUpgradeCheck = 0500;
				ORGANIZATIONNAME = kakaolabs;
				TargetAttributes = {
					E793178118925E2C00E312FF = {
						TestTargetID = E793176618925E2B00E312FF;
					};
				};
			};
			buildConfigurationList = E793176218925E2B00E312FF /* Build configuration list for PBXProject "TinNhanYeuThuong" */;
			compatibilityVersion = "Xcode 3.2";
			developmentRegion = English;
			hasScannedForEncodings = 0;
			knownRegions = (
				en,
			);
			mainGroup = E793175E18925E2B00E312FF;
			productRefGroup = E793176818925E2B00E312FF /* Products */;
			projectDirPath = "";
			projectRoot = "";
			targets = (
				E793176618925E2B00E312FF /* TinNhanYeuThuong */,
				E793178118925E2C00E312FF /* TinNhanYeuThuongTests */,
			);
		};
/* End PBXProject section */

/* Begin PBXResourcesBuildPhase section */
		E793176518925E2B00E312FF /* Resources */ = {
			isa = PBXResourcesBuildPhase;
			buildActionMask = 2147483647;
			files = (
				E75E036218997CDA00961FF3 /* dislike-btn@2x.png in Resources */,
				E74E86691896CA3900BF4E6A /* SMSViewController.xib in Resources */,
				E75E037A18997CDA00961FF3 /* recently-menu@2x.png in Resources */,
				E75E038018997CDA00961FF3 /* spinner@2x.png in Resources */,
				E732E58218969BB400409B4E /* BaseTableViewCell.xib in Resources */,
				E75E037218997CDA00961FF3 /* offline-hovercard@2x.png in Resources */,
				E75E036118997CDA00961FF3 /* dislike-btn.png in Resources */,
				E793177518925E2B00E312FF /* InfoPlist.strings in Resources */,
				E75E037C18997CDA00961FF3 /* search-btn@2x.png in Resources */,
				E75E036B18997CDA00961FF3 /* like-btn.png in Resources */,
				E75E038518997CDA00961FF3 /* white-recently-menu.png in Resources */,
				E74A7F2018949F3E00E5BEEB /* LeftMenuTableViewCell.xib in Resources */,
				E75E037618997CDA00961FF3 /* offline-touch-hovercard@2x.png in Resources */,
				E75E037518997CDA00961FF3 /* offline-touch-hovercard.png in Resources */,
				E75E037918997CDA00961FF3 /* recently-menu.png in Resources */,
				E75E036D18997CDA00961FF3 /* menu-back.png in Resources */,
				E75E037318997CDA00961FF3 /* offline-toolbar.png in Resources */,
				E75E036F18997CDA00961FF3 /* menu-open.png in Resources */,
				E75E037018997CDA00961FF3 /* menu-open@2x.png in Resources */,
				E75E036918997CDA00961FF3 /* like-btn-selected.png in Resources */,
				E75E037E18997CDA00961FF3 /* share-btn@2x.png in Resources */,
				E732E58418969BB400409B4E /* BaseViewController.xib in Resources */,
				E75E038618997CDA00961FF3 /* white-recently-menu@2x.png in Resources */,
				E7E49E4618949B20000884BE /* ProximaNova-Regular.ttf in Resources */,
				E75E036E18997CDA00961FF3 /* menu-back@2x.png in Resources */,
				E74E86641896B2DE00BF4E6A /* SubcategoryViewCell.xib in Resources */,
				E75E038418997CDA00961FF3 /* white-home-menu@2x.png in Resources */,
				E75E036618997CDA00961FF3 /* header-logo@2x.png in Resources */,
				E75E037718997CDA00961FF3 /* offlineon-toolbar.png in Resources */,
				E75E035F18997CDA00961FF3 /* close-btn.png in Resources */,
				E75E036818997CDA00961FF3 /* home-menu@2x.png in Resources */,
				E75E036718997CDA00961FF3 /* home-menu.png in Resources */,
				E75E037818997CDA00961FF3 /* offlineon-toolbar@2x.png in Resources */,
				E75E038118997CDA00961FF3 /* white-fav-menu.png in Resources */,
				E75E038318997CDA00961FF3 /* white-home-menu.png in Resources */,
				E75E037418997CDA00961FF3 /* offline-toolbar@2x.png in Resources */,
				E75E036418997CDA00961FF3 /* fav-menu@2x.png in Resources */,
				E74A7F2218949F3E00E5BEEB /* LeftMenuViewController.xib in Resources */,
				E75E02DA1898C6B300961FF3 /* TextViewController.xib in Resources */,
				E75E037F18997CDA00961FF3 /* spinner.png in Resources */,
				E75E038218997CDA00961FF3 /* white-fav-menu@2x.png in Resources */,
				E75E036C18997CDA00961FF3 /* like-btn@2x.png in Resources */,
				E75E037B18997CDA00961FF3 /* search-btn.png in Resources */,
				E7E49E4518949B20000884BE /* ProximaNova-Bold.ttf in Resources */,
				E75E037118997CDA00961FF3 /* offline-hovercard.png in Resources */,
				E75E037D18997CDA00961FF3 /* share-btn.png in Resources */,
				E793177D18925E2C00E312FF /* Images.xcassets in Resources */,
				E75E036518997CDA00961FF3 /* header-logo.png in Resources */,
				E75E036318997CDA00961FF3 /* fav-menu.png in Resources */,
				E75E036A18997CDA00961FF3 /* like-btn-selected@2x.png in Resources */,
				E75E036018997CDA00961FF3 /* close-btn@2x.png in Resources */,
			);
			runOnlyForDeploymentPostprocessing = 0;
		};
		E793178018925E2C00E312FF /* Resources */ = {
			isa = PBXResourcesBuildPhase;
			buildActionMask = 2147483647;
			files = (
				E793178E18925E2C00E312FF /* InfoPlist.strings in Resources */,
			);
			runOnlyForDeploymentPostprocessing = 0;
		};
/* End PBXResourcesBuildPhase section */

/* Begin PBXShellScriptBuildPhase section */
		57E0D2A78DB94B92A4A588EC /* Copy Pods Resources */ = {
			isa = PBXShellScriptBuildPhase;
			buildActionMask = 2147483647;
			files = (
			);
			inputPaths = (
			);
			name = "Copy Pods Resources";
			outputPaths = (
			);
			runOnlyForDeploymentPostprocessing = 0;
			shellPath = /bin/sh;
			shellScript = "\"${SRCROOT}/Pods/Pods-resources.sh\"\n";
			showEnvVarsInLog = 0;
		};
		A73D3D2F4706403D821D3D0A /* Check Pods Manifest.lock */ = {
			isa = PBXShellScriptBuildPhase;
			buildActionMask = 2147483647;
			files = (
			);
			inputPaths = (
			);
			name = "Check Pods Manifest.lock";
			outputPaths = (
			);
			runOnlyForDeploymentPostprocessing = 0;
			shellPath = /bin/sh;
			shellScript = "diff \"${PODS_ROOT}/../Podfile.lock\" \"${PODS_ROOT}/Manifest.lock\" > /dev/null\nif [[ $? != 0 ]] ; then\n    cat << EOM\nerror: The sandbox is not in sync with the Podfile.lock. Run 'pod install' or update your CocoaPods installation.\nEOM\n    exit 1\nfi\n";
			showEnvVarsInLog = 0;
		};
/* End PBXShellScriptBuildPhase section */

/* Begin PBXSourcesBuildPhase section */
		E793176318925E2B00E312FF /* Sources */ = {
			isa = PBXSourcesBuildPhase;
			buildActionMask = 2147483647;
			files = (
				E75E02E01898F66200961FF3 /* DBEngine.m in Sources */,
				E74A7FE41894FE1400E5BEEB /* SSHardwareInfo.m in Sources */,
				E74A7FDC1894FE1400E5BEEB /* SystemServices.m in Sources */,
				E74A7FE81894FE1400E5BEEB /* SSNetworkInfo.m in Sources */,
				E732E58118969BB400409B4E /* BaseTableViewCell.m in Sources */,
				E74A7FE51894FE1400E5BEEB /* SSJailbreakCheck.m in Sources */,
				E76650D31896213800F90814 /* NSString+sha1.m in Sources */,
				E74A7FE01894FE1400E5BEEB /* SSApplicationInfo.m in Sources */,
				E732E58318969BB400409B4E /* BaseViewController.m in Sources */,
				E793177B18925E2B00E312FF /* AppDelegate.m in Sources */,
				E75E03321899279400961FF3 /* FavViewController.m in Sources */,
				E74E865F1896AEC800BF4E6A /* SubcategoryViewController.m in Sources */,
				E76650EC1896693600F90814 /* MainViewController.m in Sources */,
				E74A7FEF1894FE1400E5BEEB /* UIDevice-Hardware.m in Sources */,
				E74A7F931894F7E700E5BEEB /* APIEngine.m in Sources */,
				E76FC15D189A2DEA00250C19 /* DBEngine+Encrypt.m in Sources */,
				E74A7FEB1894FE1400E5BEEB /* SSUUID.m in Sources */,
				E74A7FDF1894FE1400E5BEEB /* SSAccessoryInfo.m in Sources */,
				E74A7FE11894FE1400E5BEEB /* SSBatteryInfo.m in Sources */,
				E74A7FE91894FE1400E5BEEB /* SSProcessInfo.m in Sources */,
				E74A7FEC1894FE1400E5BEEB /* Appota_OpenUDID.m in Sources */,
				E74A7FE71894FE1400E5BEEB /* SSMemoryInfo.m in Sources */,
				E74A7F1F18949F3E00E5BEEB /* LeftMenuTableViewCell.m in Sources */,
				E75E0335189939A000961FF3 /* RecentUsedViewController.m in Sources */,
				E74A7FEE1894FE1400E5BEEB /* UIDevice+IdentifierAddition.m in Sources */,
				E76650D61896366600F90814 /* APIEngine+SMS.m in Sources */,
				E74A7FE61894FE1400E5BEEB /* SSLocalizationInfo.m in Sources */,
				E74E86671896C96D00BF4E6A /* SMSViewController.m in Sources */,
				E74A7FDD1894FE1400E5BEEB /* NSObject+PerformBlockAfterDelay.m in Sources */,
				E75E02D81898C6A200961FF3 /* TextViewController.m in Sources */,
				E74A7FEA1894FE1400E5BEEB /* SSProcessorInfo.m in Sources */,
				E74A7F2118949F3E00E5BEEB /* LeftMenuViewController.m in Sources */,
				E74A7FAB1894FE0000E5BEEB /* CustomFontUILabel.m in Sources */,
				E76650E418965C9D00F90814 /* CategoryViewController.m in Sources */,
				E74A7FED1894FE1400E5BEEB /* NSString+MD5Addition.m in Sources */,
				E74A7FAC1894FE0000E5BEEB /* UIViewController+Font.m in Sources */,
				E793177718925E2B00E312FF /* main.m in Sources */,
				E74E86621896B2C300BF4E6A /* SubcategoryViewCell.m in Sources */,
				E74A7FE21894FE1400E5BEEB /* SSCarrierInfo.m in Sources */,
				E74A7FE31894FE1400E5BEEB /* SSDiskInfo.m in Sources */,
				E732E58818969BD300409B4E /* HomeViewController.m in Sources */,
				E74A7FDE1894FE1400E5BEEB /* SSAccelerometerInfo.m in Sources */,
			);
			runOnlyForDeploymentPostprocessing = 0;
		};
		E793177E18925E2C00E312FF /* Sources */ = {
			isa = PBXSourcesBuildPhase;
			buildActionMask = 2147483647;
			files = (
				E793179018925E2C00E312FF /* TinNhanYeuThuongTests.m in Sources */,
			);
			runOnlyForDeploymentPostprocessing = 0;
		};
/* End PBXSourcesBuildPhase section */

/* Begin PBXTargetDependency section */
		E793178818925E2C00E312FF /* PBXTargetDependency */ = {
			isa = PBXTargetDependency;
			target = E793176618925E2B00E312FF /* TinNhanYeuThuong */;
			targetProxy = E793178718925E2C00E312FF /* PBXContainerItemProxy */;
		};
/* End PBXTargetDependency section */

/* Begin PBXVariantGroup section */
		E793177318925E2B00E312FF /* InfoPlist.strings */ = {
			isa = PBXVariantGroup;
			children = (
				E793177418925E2B00E312FF /* en */,
			);
			name = InfoPlist.strings;
			sourceTree = "<group>";
		};
		E793178C18925E2C00E312FF /* InfoPlist.strings */ = {
			isa = PBXVariantGroup;
			children = (
				E793178D18925E2C00E312FF /* en */,
			);
			name = InfoPlist.strings;
			sourceTree = "<group>";
		};
/* End PBXVariantGroup section */

/* Begin XCBuildConfiguration section */
		E793179118925E2C00E312FF /* Debug */ = {
			isa = XCBuildConfiguration;
			buildSettings = {
				ALWAYS_SEARCH_USER_PATHS = NO;
				ARCHS = "$(ARCHS_STANDARD_INCLUDING_64_BIT)";
				CLANG_CXX_LANGUAGE_STANDARD = "gnu++0x";
				CLANG_CXX_LIBRARY = "libc++";
				CLANG_ENABLE_MODULES = YES;
				CLANG_ENABLE_OBJC_ARC = YES;
				CLANG_WARN_BOOL_CONVERSION = YES;
				CLANG_WARN_CONSTANT_CONVERSION = YES;
				CLANG_WARN_DIRECT_OBJC_ISA_USAGE = YES_ERROR;
				CLANG_WARN_EMPTY_BODY = YES;
				CLANG_WARN_ENUM_CONVERSION = YES;
				CLANG_WARN_INT_CONVERSION = YES;
				CLANG_WARN_OBJC_ROOT_CLASS = YES_ERROR;
				CLANG_WARN__DUPLICATE_METHOD_MATCH = YES;
				"CODE_SIGN_IDENTITY[sdk=iphoneos*]" = "iPhone Developer";
				COPY_PHASE_STRIP = NO;
				GCC_C_LANGUAGE_STANDARD = gnu99;
				GCC_DYNAMIC_NO_PIC = NO;
				GCC_OPTIMIZATION_LEVEL = 0;
				GCC_PREPROCESSOR_DEFINITIONS = (
					"DEBUG=1",
					"$(inherited)",
				);
				GCC_SYMBOLS_PRIVATE_EXTERN = NO;
				GCC_WARN_64_TO_32_BIT_CONVERSION = YES;
				GCC_WARN_ABOUT_RETURN_TYPE = YES_ERROR;
				GCC_WARN_UNDECLARED_SELECTOR = YES;
				GCC_WARN_UNINITIALIZED_AUTOS = YES;
				GCC_WARN_UNUSED_FUNCTION = YES;
				GCC_WARN_UNUSED_VARIABLE = YES;
				IPHONEOS_DEPLOYMENT_TARGET = 7.0;
				ONLY_ACTIVE_ARCH = YES;
				SDKROOT = iphoneos;
			};
			name = Debug;
		};
		E793179218925E2C00E312FF /* Release */ = {
			isa = XCBuildConfiguration;
			buildSettings = {
				ALWAYS_SEARCH_USER_PATHS = NO;
				ARCHS = "$(ARCHS_STANDARD_INCLUDING_64_BIT)";
				CLANG_CXX_LANGUAGE_STANDARD = "gnu++0x";
				CLANG_CXX_LIBRARY = "libc++";
				CLANG_ENABLE_MODULES = YES;
				CLANG_ENABLE_OBJC_ARC = YES;
				CLANG_WARN_BOOL_CONVERSION = YES;
				CLANG_WARN_CONSTANT_CONVERSION = YES;
				CLANG_WARN_DIRECT_OBJC_ISA_USAGE = YES_ERROR;
				CLANG_WARN_EMPTY_BODY = YES;
				CLANG_WARN_ENUM_CONVERSION = YES;
				CLANG_WARN_INT_CONVERSION = YES;
				CLANG_WARN_OBJC_ROOT_CLASS = YES_ERROR;
				CLANG_WARN__DUPLICATE_METHOD_MATCH = YES;
				"CODE_SIGN_IDENTITY[sdk=iphoneos*]" = "iPhone Developer";
				COPY_PHASE_STRIP = YES;
				ENABLE_NS_ASSERTIONS = NO;
				GCC_C_LANGUAGE_STANDARD = gnu99;
				GCC_WARN_64_TO_32_BIT_CONVERSION = YES;
				GCC_WARN_ABOUT_RETURN_TYPE = YES_ERROR;
				GCC_WARN_UNDECLARED_SELECTOR = YES;
				GCC_WARN_UNINITIALIZED_AUTOS = YES;
				GCC_WARN_UNUSED_FUNCTION = YES;
				GCC_WARN_UNUSED_VARIABLE = YES;
				IPHONEOS_DEPLOYMENT_TARGET = 7.0;
				SDKROOT = iphoneos;
				VALIDATE_PRODUCT = YES;
			};
			name = Release;
		};
		E793179418925E2C00E312FF /* Debug */ = {
			isa = XCBuildConfiguration;
			baseConfigurationReference = 6E48955E1D634C1F90DE1A1F /* Pods.xcconfig */;
			buildSettings = {
				ASSETCATALOG_COMPILER_APPICON_NAME = AppIcon;
				ASSETCATALOG_COMPILER_LAUNCHIMAGE_NAME = LaunchImage;
				CODE_SIGN_IDENTITY = "iPhone Developer";
				GCC_PRECOMPILE_PREFIX_HEADER = YES;
				GCC_PREFIX_HEADER = "TinNhanYeuThuong/TinNhanYeuThuong-Prefix.pch";
				INFOPLIST_FILE = "TinNhanYeuThuong/TinNhanYeuThuong-Info.plist";
				PRODUCT_NAME = "$(TARGET_NAME)";
				WRAPPER_EXTENSION = app;
			};
			name = Debug;
		};
		E793179518925E2C00E312FF /* Release */ = {
			isa = XCBuildConfiguration;
			baseConfigurationReference = 6E48955E1D634C1F90DE1A1F /* Pods.xcconfig */;
			buildSettings = {
				ASSETCATALOG_COMPILER_APPICON_NAME = AppIcon;
				ASSETCATALOG_COMPILER_LAUNCHIMAGE_NAME = LaunchImage;
				CODE_SIGN_IDENTITY = "iPhone Developer";
				GCC_PRECOMPILE_PREFIX_HEADER = YES;
				GCC_PREFIX_HEADER = "TinNhanYeuThuong/TinNhanYeuThuong-Prefix.pch";
				INFOPLIST_FILE = "TinNhanYeuThuong/TinNhanYeuThuong-Info.plist";
				PRODUCT_NAME = "$(TARGET_NAME)";
				WRAPPER_EXTENSION = app;
			};
			name = Release;
		};
		E793179718925E2C00E312FF /* Debug */ = {
			isa = XCBuildConfiguration;
			buildSettings = {
				ARCHS = "$(ARCHS_STANDARD_INCLUDING_64_BIT)";
				BUNDLE_LOADER = "$(BUILT_PRODUCTS_DIR)/TinNhanYeuThuong.app/TinNhanYeuThuong";
				FRAMEWORK_SEARCH_PATHS = (
					"$(SDKROOT)/Developer/Library/Frameworks",
					"$(inherited)",
					"$(DEVELOPER_FRAMEWORKS_DIR)",
				);
				GCC_PRECOMPILE_PREFIX_HEADER = YES;
				GCC_PREFIX_HEADER = "TinNhanYeuThuong/TinNhanYeuThuong-Prefix.pch";
				GCC_PREPROCESSOR_DEFINITIONS = (
					"DEBUG=1",
					"$(inherited)",
				);
				INFOPLIST_FILE = "TinNhanYeuThuongTests/TinNhanYeuThuongTests-Info.plist";
				PRODUCT_NAME = "$(TARGET_NAME)";
				TEST_HOST = "$(BUNDLE_LOADER)";
				WRAPPER_EXTENSION = xctest;
			};
			name = Debug;
		};
		E793179818925E2C00E312FF /* Release */ = {
			isa = XCBuildConfiguration;
			buildSettings = {
				ARCHS = "$(ARCHS_STANDARD_INCLUDING_64_BIT)";
				BUNDLE_LOADER = "$(BUILT_PRODUCTS_DIR)/TinNhanYeuThuong.app/TinNhanYeuThuong";
				FRAMEWORK_SEARCH_PATHS = (
					"$(SDKROOT)/Developer/Library/Frameworks",
					"$(inherited)",
					"$(DEVELOPER_FRAMEWORKS_DIR)",
				);
				GCC_PRECOMPILE_PREFIX_HEADER = YES;
				GCC_PREFIX_HEADER = "TinNhanYeuThuong/TinNhanYeuThuong-Prefix.pch";
				INFOPLIST_FILE = "TinNhanYeuThuongTests/TinNhanYeuThuongTests-Info.plist";
				PRODUCT_NAME = "$(TARGET_NAME)";
				TEST_HOST = "$(BUNDLE_LOADER)";
				WRAPPER_EXTENSION = xctest;
			};
			name = Release;
		};
/* End XCBuildConfiguration section */

/* Begin XCConfigurationList section */
		E793176218925E2B00E312FF /* Build configuration list for PBXProject "TinNhanYeuThuong" */ = {
			isa = XCConfigurationList;
			buildConfigurations = (
				E793179118925E2C00E312FF /* Debug */,
				E793179218925E2C00E312FF /* Release */,
			);
			defaultConfigurationIsVisible = 0;
			defaultConfigurationName = Release;
		};
		E793179318925E2C00E312FF /* Build configuration list for PBXNativeTarget "TinNhanYeuThuong" */ = {
			isa = XCConfigurationList;
			buildConfigurations = (
				E793179418925E2C00E312FF /* Debug */,
				E793179518925E2C00E312FF /* Release */,
			);
			defaultConfigurationIsVisible = 0;
			defaultConfigurationName = Release;
		};
		E793179618925E2C00E312FF /* Build configuration list for PBXNativeTarget "TinNhanYeuThuongTests" */ = {
			isa = XCConfigurationList;
			buildConfigurations = (
				E793179718925E2C00E312FF /* Debug */,
				E793179818925E2C00E312FF /* Release */,
			);
			defaultConfigurationIsVisible = 0;
			defaultConfigurationName = Release;
		};
/* End XCConfigurationList section */
	};
	rootObject = E793175F18925E2B00E312FF /* Project object */;
}
